// !$*UTF8*$!
{
	archiveVersion = 1;
	classes = {
	};
	objectVersion = 56;
	objects = {

/* Begin PBXBuildFile section */
		784A19992BF1B0BF003F19C8 /* Pretendard-Medium.otf in Resources */ = {isa = PBXBuildFile; fileRef = 784A19902BF1B0BE003F19C8 /* Pretendard-Medium.otf */; };
		784A199A2BF1B0BF003F19C8 /* Pretendard-Thin.otf in Resources */ = {isa = PBXBuildFile; fileRef = 784A19912BF1B0BE003F19C8 /* Pretendard-Thin.otf */; };
		784A199B2BF1B0BF003F19C8 /* Pretendard-Light.otf in Resources */ = {isa = PBXBuildFile; fileRef = 784A19922BF1B0BE003F19C8 /* Pretendard-Light.otf */; };
		784A199C2BF1B0BF003F19C8 /* Pretendard-ExtraLight.otf in Resources */ = {isa = PBXBuildFile; fileRef = 784A19932BF1B0BF003F19C8 /* Pretendard-ExtraLight.otf */; };
		784A199D2BF1B0BF003F19C8 /* Pretendard-SemiBold.otf in Resources */ = {isa = PBXBuildFile; fileRef = 784A19942BF1B0BF003F19C8 /* Pretendard-SemiBold.otf */; };
		784A199E2BF1B0BF003F19C8 /* Pretendard-Black.otf in Resources */ = {isa = PBXBuildFile; fileRef = 784A19952BF1B0BF003F19C8 /* Pretendard-Black.otf */; };
		784A199F2BF1B0BF003F19C8 /* Pretendard-Regular.otf in Resources */ = {isa = PBXBuildFile; fileRef = 784A19962BF1B0BF003F19C8 /* Pretendard-Regular.otf */; };
		784A19A02BF1B0BF003F19C8 /* Pretendard-Bold.otf in Resources */ = {isa = PBXBuildFile; fileRef = 784A19972BF1B0BF003F19C8 /* Pretendard-Bold.otf */; };
		784A19A12BF1B0BF003F19C8 /* Pretendard-ExtraBold.otf in Resources */ = {isa = PBXBuildFile; fileRef = 784A19982BF1B0BF003F19C8 /* Pretendard-ExtraBold.otf */; };
		784A19A42BF1B2DB003F19C8 /* DetailViewController.swift in Sources */ = {isa = PBXBuildFile; fileRef = 784A19A32BF1B2DB003F19C8 /* DetailViewController.swift */; };
		7852BD172BEB41D20037BA7E /* AppDelegate.swift in Sources */ = {isa = PBXBuildFile; fileRef = 7852BD162BEB41D20037BA7E /* AppDelegate.swift */; };
		7852BD192BEB41D20037BA7E /* SceneDelegate.swift in Sources */ = {isa = PBXBuildFile; fileRef = 7852BD182BEB41D20037BA7E /* SceneDelegate.swift */; };
		7852BD1B2BEB41D20037BA7E /* ViewController.swift in Sources */ = {isa = PBXBuildFile; fileRef = 7852BD1A2BEB41D20037BA7E /* ViewController.swift */; };
		7852BD202BEB41D30037BA7E /* Assets.xcassets in Resources */ = {isa = PBXBuildFile; fileRef = 7852BD1F2BEB41D30037BA7E /* Assets.xcassets */; };
		7852BD232BEB41D30037BA7E /* LaunchScreen.storyboard in Resources */ = {isa = PBXBuildFile; fileRef = 7852BD212BEB41D30037BA7E /* LaunchScreen.storyboard */; };
		DDF572052BEF50CE0014C742 /* SnapKit in Frameworks */ = {isa = PBXBuildFile; productRef = DDF572042BEF50CE0014C742 /* SnapKit */; };
		DDF572082BEF51070014C742 /* Moya in Frameworks */ = {isa = PBXBuildFile; productRef = DDF572072BEF51070014C742 /* Moya */; };
		DDF5720B2BEF512C0014C742 /* Kingfisher in Frameworks */ = {isa = PBXBuildFile; productRef = DDF5720A2BEF512C0014C742 /* Kingfisher */; };
		DDF5720E2BEF51710014C742 /* Then in Frameworks */ = {isa = PBXBuildFile; productRef = DDF5720D2BEF51710014C742 /* Then */; };
		78CE0C9B2BF1A8F000A00FE3 /* Pretendard-Medium.otf in Resources */ = {isa = PBXBuildFile; fileRef = 78CE0C922BF1A8EF00A00FE3 /* Pretendard-Medium.otf */; };
		78CE0C9C2BF1A8F000A00FE3 /* Pretendard-ExtraLight.otf in Resources */ = {isa = PBXBuildFile; fileRef = 78CE0C932BF1A8EF00A00FE3 /* Pretendard-ExtraLight.otf */; };
		78CE0C9D2BF1A8F000A00FE3 /* Pretendard-ExtraBold.otf in Resources */ = {isa = PBXBuildFile; fileRef = 78CE0C942BF1A8EF00A00FE3 /* Pretendard-ExtraBold.otf */; };
		78CE0C9E2BF1A8F000A00FE3 /* Pretendard-Regular.otf in Resources */ = {isa = PBXBuildFile; fileRef = 78CE0C952BF1A8EF00A00FE3 /* Pretendard-Regular.otf */; };
		78CE0C9F2BF1A8F000A00FE3 /* Pretendard-Light.otf in Resources */ = {isa = PBXBuildFile; fileRef = 78CE0C962BF1A8F000A00FE3 /* Pretendard-Light.otf */; };
		78CE0CA02BF1A8F000A00FE3 /* Pretendard-Black.otf in Resources */ = {isa = PBXBuildFile; fileRef = 78CE0C972BF1A8F000A00FE3 /* Pretendard-Black.otf */; };
		78CE0CA12BF1A8F000A00FE3 /* Pretendard-SemiBold.otf in Resources */ = {isa = PBXBuildFile; fileRef = 78CE0C982BF1A8F000A00FE3 /* Pretendard-SemiBold.otf */; };
		78CE0CA22BF1A8F000A00FE3 /* Pretendard-Thin.otf in Resources */ = {isa = PBXBuildFile; fileRef = 78CE0C992BF1A8F000A00FE3 /* Pretendard-Thin.otf */; };
		78CE0CA32BF1A8F000A00FE3 /* Pretendard-Bold.otf in Resources */ = {isa = PBXBuildFile; fileRef = 78CE0C9A2BF1A8F000A00FE3 /* Pretendard-Bold.otf */; };
/* End PBXBuildFile section */

/* Begin PBXFileReference section */
		784A19902BF1B0BE003F19C8 /* Pretendard-Medium.otf */ = {isa = PBXFileReference; lastKnownFileType = file; path = "Pretendard-Medium.otf"; sourceTree = "<group>"; };
		784A19912BF1B0BE003F19C8 /* Pretendard-Thin.otf */ = {isa = PBXFileReference; lastKnownFileType = file; path = "Pretendard-Thin.otf"; sourceTree = "<group>"; };
		784A19922BF1B0BE003F19C8 /* Pretendard-Light.otf */ = {isa = PBXFileReference; lastKnownFileType = file; path = "Pretendard-Light.otf"; sourceTree = "<group>"; };
		784A19932BF1B0BF003F19C8 /* Pretendard-ExtraLight.otf */ = {isa = PBXFileReference; lastKnownFileType = file; path = "Pretendard-ExtraLight.otf"; sourceTree = "<group>"; };
		784A19942BF1B0BF003F19C8 /* Pretendard-SemiBold.otf */ = {isa = PBXFileReference; lastKnownFileType = file; path = "Pretendard-SemiBold.otf"; sourceTree = "<group>"; };
		784A19952BF1B0BF003F19C8 /* Pretendard-Black.otf */ = {isa = PBXFileReference; lastKnownFileType = file; path = "Pretendard-Black.otf"; sourceTree = "<group>"; };
		784A19962BF1B0BF003F19C8 /* Pretendard-Regular.otf */ = {isa = PBXFileReference; lastKnownFileType = file; path = "Pretendard-Regular.otf"; sourceTree = "<group>"; };
		784A19972BF1B0BF003F19C8 /* Pretendard-Bold.otf */ = {isa = PBXFileReference; lastKnownFileType = file; path = "Pretendard-Bold.otf"; sourceTree = "<group>"; };
		784A19982BF1B0BF003F19C8 /* Pretendard-ExtraBold.otf */ = {isa = PBXFileReference; lastKnownFileType = file; path = "Pretendard-ExtraBold.otf"; sourceTree = "<group>"; };
		784A19A32BF1B2DB003F19C8 /* DetailViewController.swift */ = {isa = PBXFileReference; lastKnownFileType = sourcecode.swift; path = DetailViewController.swift; sourceTree = "<group>"; };
		7852BD132BEB41D20037BA7E /* Jumpit.app */ = {isa = PBXFileReference; explicitFileType = wrapper.application; includeInIndex = 0; path = Jumpit.app; sourceTree = BUILT_PRODUCTS_DIR; };
		7852BD162BEB41D20037BA7E /* AppDelegate.swift */ = {isa = PBXFileReference; lastKnownFileType = sourcecode.swift; path = AppDelegate.swift; sourceTree = "<group>"; };
		7852BD182BEB41D20037BA7E /* SceneDelegate.swift */ = {isa = PBXFileReference; lastKnownFileType = sourcecode.swift; path = SceneDelegate.swift; sourceTree = "<group>"; };
		7852BD1A2BEB41D20037BA7E /* ViewController.swift */ = {isa = PBXFileReference; lastKnownFileType = sourcecode.swift; path = ViewController.swift; sourceTree = "<group>"; };
		7852BD1F2BEB41D30037BA7E /* Assets.xcassets */ = {isa = PBXFileReference; lastKnownFileType = folder.assetcatalog; path = Assets.xcassets; sourceTree = "<group>"; };
		7852BD222BEB41D30037BA7E /* Base */ = {isa = PBXFileReference; lastKnownFileType = file.storyboard; name = Base; path = Base.lproj/LaunchScreen.storyboard; sourceTree = "<group>"; };
		7852BD242BEB41D30037BA7E /* Info.plist */ = {isa = PBXFileReference; lastKnownFileType = text.plist.xml; path = Info.plist; sourceTree = "<group>"; };
		78CE0C922BF1A8EF00A00FE3 /* Pretendard-Medium.otf */ = {isa = PBXFileReference; lastKnownFileType = file; path = "Pretendard-Medium.otf"; sourceTree = "<group>"; };
		78CE0C932BF1A8EF00A00FE3 /* Pretendard-ExtraLight.otf */ = {isa = PBXFileReference; lastKnownFileType = file; path = "Pretendard-ExtraLight.otf"; sourceTree = "<group>"; };
		78CE0C942BF1A8EF00A00FE3 /* Pretendard-ExtraBold.otf */ = {isa = PBXFileReference; lastKnownFileType = file; path = "Pretendard-ExtraBold.otf"; sourceTree = "<group>"; };
		78CE0C952BF1A8EF00A00FE3 /* Pretendard-Regular.otf */ = {isa = PBXFileReference; lastKnownFileType = file; path = "Pretendard-Regular.otf"; sourceTree = "<group>"; };
		78CE0C962BF1A8F000A00FE3 /* Pretendard-Light.otf */ = {isa = PBXFileReference; lastKnownFileType = file; path = "Pretendard-Light.otf"; sourceTree = "<group>"; };
		78CE0C972BF1A8F000A00FE3 /* Pretendard-Black.otf */ = {isa = PBXFileReference; lastKnownFileType = file; path = "Pretendard-Black.otf"; sourceTree = "<group>"; };
		78CE0C982BF1A8F000A00FE3 /* Pretendard-SemiBold.otf */ = {isa = PBXFileReference; lastKnownFileType = file; path = "Pretendard-SemiBold.otf"; sourceTree = "<group>"; };
		78CE0C992BF1A8F000A00FE3 /* Pretendard-Thin.otf */ = {isa = PBXFileReference; lastKnownFileType = file; path = "Pretendard-Thin.otf"; sourceTree = "<group>"; };
		78CE0C9A2BF1A8F000A00FE3 /* Pretendard-Bold.otf */ = {isa = PBXFileReference; lastKnownFileType = file; path = "Pretendard-Bold.otf"; sourceTree = "<group>"; };
/* End PBXFileReference section */

/* Begin PBXFrameworksBuildPhase section */
		7852BD102BEB41D20037BA7E /* Frameworks */ = {
			isa = PBXFrameworksBuildPhase;
			buildActionMask = 2147483647;
			files = (
				DDF5720B2BEF512C0014C742 /* Kingfisher in Frameworks */,
				DDF572082BEF51070014C742 /* Moya in Frameworks */,
				DDF572052BEF50CE0014C742 /* SnapKit in Frameworks */,
				DDF5720E2BEF51710014C742 /* Then in Frameworks */,
			);
			runOnlyForDeploymentPostprocessing = 0;
		};
/* End PBXFrameworksBuildPhase section */

/* Begin PBXGroup section */
		784A198F2BF1B0A1003F19C8 /* Font */ = {
			isa = PBXGroup;
			children = (
				784A19952BF1B0BF003F19C8 /* Pretendard-Black.otf */,
				784A19972BF1B0BF003F19C8 /* Pretendard-Bold.otf */,
				784A19982BF1B0BF003F19C8 /* Pretendard-ExtraBold.otf */,
				784A19932BF1B0BF003F19C8 /* Pretendard-ExtraLight.otf */,
				784A19922BF1B0BE003F19C8 /* Pretendard-Light.otf */,
				784A19902BF1B0BE003F19C8 /* Pretendard-Medium.otf */,
				784A19962BF1B0BF003F19C8 /* Pretendard-Regular.otf */,
				784A19942BF1B0BF003F19C8 /* Pretendard-SemiBold.otf */,
				784A19912BF1B0BE003F19C8 /* Pretendard-Thin.otf */,
			);
			name = Font;
			sourceTree = "<group>";
		};
		784A19A22BF1B2BD003F19C8 /* Detail */ = {
			isa = PBXGroup;
			children = (
				784A19A32BF1B2DB003F19C8 /* DetailViewController.swift */,
			);
			name = Detail;
			sourceTree = "<group>";
		};
		7852BD0A2BEB41D20037BA7E = {
			isa = PBXGroup;
			children = (
				7852BD152BEB41D20037BA7E /* Jumpit */,
				7852BD142BEB41D20037BA7E /* Products */,
			);
			sourceTree = "<group>";
		};
		7852BD142BEB41D20037BA7E /* Products */ = {
			isa = PBXGroup;
			children = (
				7852BD132BEB41D20037BA7E /* Jumpit.app */,
			);
			name = Products;
			sourceTree = "<group>";
		};
		7852BD152BEB41D20037BA7E /* Jumpit */ = {
			isa = PBXGroup;
			children = (
				784A19A22BF1B2BD003F19C8 /* Detail */,
				784A198F2BF1B0A1003F19C8 /* Font */,
				78CE0C912BF1A8C600A00FE3 /* Font */,
				7852BD162BEB41D20037BA7E /* AppDelegate.swift */,
				7852BD182BEB41D20037BA7E /* SceneDelegate.swift */,
				7852BD1A2BEB41D20037BA7E /* ViewController.swift */,
				7852BD1F2BEB41D30037BA7E /* Assets.xcassets */,
				7852BD212BEB41D30037BA7E /* LaunchScreen.storyboard */,
				7852BD242BEB41D30037BA7E /* Info.plist */,
			);
			path = Jumpit;
			sourceTree = "<group>";
		};
		78CE0C912BF1A8C600A00FE3 /* Font */ = {
			isa = PBXGroup;
			children = (
				78CE0C972BF1A8F000A00FE3 /* Pretendard-Black.otf */,
				78CE0C9A2BF1A8F000A00FE3 /* Pretendard-Bold.otf */,
				78CE0C942BF1A8EF00A00FE3 /* Pretendard-ExtraBold.otf */,
				78CE0C932BF1A8EF00A00FE3 /* Pretendard-ExtraLight.otf */,
				78CE0C962BF1A8F000A00FE3 /* Pretendard-Light.otf */,
				78CE0C922BF1A8EF00A00FE3 /* Pretendard-Medium.otf */,
				78CE0C952BF1A8EF00A00FE3 /* Pretendard-Regular.otf */,
				78CE0C982BF1A8F000A00FE3 /* Pretendard-SemiBold.otf */,
				78CE0C992BF1A8F000A00FE3 /* Pretendard-Thin.otf */,
			);
			path = Font;
			sourceTree = "<group>";
		};
/* End PBXGroup section */

/* Begin PBXNativeTarget section */
		7852BD122BEB41D20037BA7E /* Jumpit */ = {
			isa = PBXNativeTarget;
			buildConfigurationList = 7852BD272BEB41D30037BA7E /* Build configuration list for PBXNativeTarget "Jumpit" */;
			buildPhases = (
				7852BD0F2BEB41D20037BA7E /* Sources */,
				7852BD102BEB41D20037BA7E /* Frameworks */,
				7852BD112BEB41D20037BA7E /* Resources */,
			);
			buildRules = (
			);
			dependencies = (
			);
			name = Jumpit;
			packageProductDependencies = (
				DDF572042BEF50CE0014C742 /* SnapKit */,
				DDF572072BEF51070014C742 /* Moya */,
				DDF5720A2BEF512C0014C742 /* Kingfisher */,
				DDF5720D2BEF51710014C742 /* Then */,
			);
			productName = Jumpit;
			productReference = 7852BD132BEB41D20037BA7E /* Jumpit.app */;
			productType = "com.apple.product-type.application";
		};
/* End PBXNativeTarget section */

/* Begin PBXProject section */
		7852BD0B2BEB41D20037BA7E /* Project object */ = {
			isa = PBXProject;
			attributes = {
				BuildIndependentTargetsInParallel = 1;
				LastSwiftUpdateCheck = 1510;
				LastUpgradeCheck = 1510;
				TargetAttributes = {
					7852BD122BEB41D20037BA7E = {
						CreatedOnToolsVersion = 15.1;
					};
				};
			};
			buildConfigurationList = 7852BD0E2BEB41D20037BA7E /* Build configuration list for PBXProject "Jumpit" */;
			compatibilityVersion = "Xcode 14.0";
			developmentRegion = en;
			hasScannedForEncodings = 0;
			knownRegions = (
				en,
				Base,
			);
			mainGroup = 7852BD0A2BEB41D20037BA7E;
			packageReferences = (
				DDF572032BEF50CE0014C742 /* XCRemoteSwiftPackageReference "SnapKit" */,
				DDF572062BEF51070014C742 /* XCRemoteSwiftPackageReference "Moya" */,
				DDF572092BEF512C0014C742 /* XCRemoteSwiftPackageReference "Kingfisher" */,
				DDF5720C2BEF51710014C742 /* XCRemoteSwiftPackageReference "Then" */,
			);
			productRefGroup = 7852BD142BEB41D20037BA7E /* Products */;
			projectDirPath = "";
			projectRoot = "";
			targets = (
				7852BD122BEB41D20037BA7E /* Jumpit */,
			);
		};
/* End PBXProject section */

/* Begin PBXResourcesBuildPhase section */
		7852BD112BEB41D20037BA7E /* Resources */ = {
			isa = PBXResourcesBuildPhase;
			buildActionMask = 2147483647;
			files = (
				784A199C2BF1B0BF003F19C8 /* Pretendard-ExtraLight.otf in Resources */,
				784A19A02BF1B0BF003F19C8 /* Pretendard-Bold.otf in Resources */,
				7852BD232BEB41D30037BA7E /* LaunchScreen.storyboard in Resources */,
				784A199D2BF1B0BF003F19C8 /* Pretendard-SemiBold.otf in Resources */,
				7852BD202BEB41D30037BA7E /* Assets.xcassets in Resources */,
				784A199F2BF1B0BF003F19C8 /* Pretendard-Regular.otf in Resources */,
				784A19A12BF1B0BF003F19C8 /* Pretendard-ExtraBold.otf in Resources */,
				784A19992BF1B0BF003F19C8 /* Pretendard-Medium.otf in Resources */,
				784A199B2BF1B0BF003F19C8 /* Pretendard-Light.otf in Resources */,
				784A199E2BF1B0BF003F19C8 /* Pretendard-Black.otf in Resources */,
				784A199A2BF1B0BF003F19C8 /* Pretendard-Thin.otf in Resources */,
				78CE0CA32BF1A8F000A00FE3 /* Pretendard-Bold.otf in Resources */,
				7852BD232BEB41D30037BA7E /* LaunchScreen.storyboard in Resources */,
				78CE0CA22BF1A8F000A00FE3 /* Pretendard-Thin.otf in Resources */,
				78CE0C9E2BF1A8F000A00FE3 /* Pretendard-Regular.otf in Resources */,
				7852BD202BEB41D30037BA7E /* Assets.xcassets in Resources */,
				78CE0C9D2BF1A8F000A00FE3 /* Pretendard-ExtraBold.otf in Resources */,
				78CE0C9F2BF1A8F000A00FE3 /* Pretendard-Light.otf in Resources */,
				78CE0C9C2BF1A8F000A00FE3 /* Pretendard-ExtraLight.otf in Resources */,
				78CE0CA12BF1A8F000A00FE3 /* Pretendard-SemiBold.otf in Resources */,
				78CE0CA02BF1A8F000A00FE3 /* Pretendard-Black.otf in Resources */,
				78CE0C9B2BF1A8F000A00FE3 /* Pretendard-Medium.otf in Resources */,
			);
			runOnlyForDeploymentPostprocessing = 0;
		};
/* End PBXResourcesBuildPhase section */

/* Begin PBXSourcesBuildPhase section */
		7852BD0F2BEB41D20037BA7E /* Sources */ = {
			isa = PBXSourcesBuildPhase;
			buildActionMask = 2147483647;
			files = (
				7852BD1B2BEB41D20037BA7E /* ViewController.swift in Sources */,
				7852BD172BEB41D20037BA7E /* AppDelegate.swift in Sources */,
				7852BD192BEB41D20037BA7E /* SceneDelegate.swift in Sources */,
				784A19A42BF1B2DB003F19C8 /* DetailViewController.swift in Sources */,
			);
			runOnlyForDeploymentPostprocessing = 0;
		};
/* End PBXSourcesBuildPhase section */

/* Begin PBXVariantGroup section */
		7852BD212BEB41D30037BA7E /* LaunchScreen.storyboard */ = {
			isa = PBXVariantGroup;
			children = (
				7852BD222BEB41D30037BA7E /* Base */,
			);
			name = LaunchScreen.storyboard;
			sourceTree = "<group>";
		};
/* End PBXVariantGroup section */

/* Begin XCBuildConfiguration section */
		7852BD252BEB41D30037BA7E /* Debug */ = {
			isa = XCBuildConfiguration;
			buildSettings = {
				ALWAYS_SEARCH_USER_PATHS = NO;
				ASSETCATALOG_COMPILER_GENERATE_SWIFT_ASSET_SYMBOL_EXTENSIONS = YES;
				CLANG_ANALYZER_NONNULL = YES;
				CLANG_ANALYZER_NUMBER_OBJECT_CONVERSION = YES_AGGRESSIVE;
				CLANG_CXX_LANGUAGE_STANDARD = "gnu++20";
				CLANG_ENABLE_MODULES = YES;
				CLANG_ENABLE_OBJC_ARC = YES;
				CLANG_ENABLE_OBJC_WEAK = YES;
				CLANG_WARN_BLOCK_CAPTURE_AUTORELEASING = YES;
				CLANG_WARN_BOOL_CONVERSION = YES;
				CLANG_WARN_COMMA = YES;
				CLANG_WARN_CONSTANT_CONVERSION = YES;
				CLANG_WARN_DEPRECATED_OBJC_IMPLEMENTATIONS = YES;
				CLANG_WARN_DIRECT_OBJC_ISA_USAGE = YES_ERROR;
				CLANG_WARN_DOCUMENTATION_COMMENTS = YES;
				CLANG_WARN_EMPTY_BODY = YES;
				CLANG_WARN_ENUM_CONVERSION = YES;
				CLANG_WARN_INFINITE_RECURSION = YES;
				CLANG_WARN_INT_CONVERSION = YES;
				CLANG_WARN_NON_LITERAL_NULL_CONVERSION = YES;
				CLANG_WARN_OBJC_IMPLICIT_RETAIN_SELF = YES;
				CLANG_WARN_OBJC_LITERAL_CONVERSION = YES;
				CLANG_WARN_OBJC_ROOT_CLASS = YES_ERROR;
				CLANG_WARN_QUOTED_INCLUDE_IN_FRAMEWORK_HEADER = YES;
				CLANG_WARN_RANGE_LOOP_ANALYSIS = YES;
				CLANG_WARN_STRICT_PROTOTYPES = YES;
				CLANG_WARN_SUSPICIOUS_MOVE = YES;
				CLANG_WARN_UNGUARDED_AVAILABILITY = YES_AGGRESSIVE;
				CLANG_WARN_UNREACHABLE_CODE = YES;
				CLANG_WARN__DUPLICATE_METHOD_MATCH = YES;
				COPY_PHASE_STRIP = NO;
				DEBUG_INFORMATION_FORMAT = dwarf;
				ENABLE_STRICT_OBJC_MSGSEND = YES;
				ENABLE_TESTABILITY = YES;
				ENABLE_USER_SCRIPT_SANDBOXING = YES;
				GCC_C_LANGUAGE_STANDARD = gnu17;
				GCC_DYNAMIC_NO_PIC = NO;
				GCC_NO_COMMON_BLOCKS = YES;
				GCC_OPTIMIZATION_LEVEL = 0;
				GCC_PREPROCESSOR_DEFINITIONS = (
					"DEBUG=1",
					"$(inherited)",
				);
				GCC_WARN_64_TO_32_BIT_CONVERSION = YES;
				GCC_WARN_ABOUT_RETURN_TYPE = YES_ERROR;
				GCC_WARN_UNDECLARED_SELECTOR = YES;
				GCC_WARN_UNINITIALIZED_AUTOS = YES_AGGRESSIVE;
				GCC_WARN_UNUSED_FUNCTION = YES;
				GCC_WARN_UNUSED_VARIABLE = YES;
				IPHONEOS_DEPLOYMENT_TARGET = 17.2;
				LOCALIZATION_PREFERS_STRING_CATALOGS = YES;
				MTL_ENABLE_DEBUG_INFO = INCLUDE_SOURCE;
				MTL_FAST_MATH = YES;
				ONLY_ACTIVE_ARCH = YES;
				SDKROOT = iphoneos;
				SWIFT_ACTIVE_COMPILATION_CONDITIONS = "DEBUG $(inherited)";
				SWIFT_OPTIMIZATION_LEVEL = "-Onone";
			};
			name = Debug;
		};
		7852BD262BEB41D30037BA7E /* Release */ = {
			isa = XCBuildConfiguration;
			buildSettings = {
				ALWAYS_SEARCH_USER_PATHS = NO;
				ASSETCATALOG_COMPILER_GENERATE_SWIFT_ASSET_SYMBOL_EXTENSIONS = YES;
				CLANG_ANALYZER_NONNULL = YES;
				CLANG_ANALYZER_NUMBER_OBJECT_CONVERSION = YES_AGGRESSIVE;
				CLANG_CXX_LANGUAGE_STANDARD = "gnu++20";
				CLANG_ENABLE_MODULES = YES;
				CLANG_ENABLE_OBJC_ARC = YES;
				CLANG_ENABLE_OBJC_WEAK = YES;
				CLANG_WARN_BLOCK_CAPTURE_AUTORELEASING = YES;
				CLANG_WARN_BOOL_CONVERSION = YES;
				CLANG_WARN_COMMA = YES;
				CLANG_WARN_CONSTANT_CONVERSION = YES;
				CLANG_WARN_DEPRECATED_OBJC_IMPLEMENTATIONS = YES;
				CLANG_WARN_DIRECT_OBJC_ISA_USAGE = YES_ERROR;
				CLANG_WARN_DOCUMENTATION_COMMENTS = YES;
				CLANG_WARN_EMPTY_BODY = YES;
				CLANG_WARN_ENUM_CONVERSION = YES;
				CLANG_WARN_INFINITE_RECURSION = YES;
				CLANG_WARN_INT_CONVERSION = YES;
				CLANG_WARN_NON_LITERAL_NULL_CONVERSION = YES;
				CLANG_WARN_OBJC_IMPLICIT_RETAIN_SELF = YES;
				CLANG_WARN_OBJC_LITERAL_CONVERSION = YES;
				CLANG_WARN_OBJC_ROOT_CLASS = YES_ERROR;
				CLANG_WARN_QUOTED_INCLUDE_IN_FRAMEWORK_HEADER = YES;
				CLANG_WARN_RANGE_LOOP_ANALYSIS = YES;
				CLANG_WARN_STRICT_PROTOTYPES = YES;
				CLANG_WARN_SUSPICIOUS_MOVE = YES;
				CLANG_WARN_UNGUARDED_AVAILABILITY = YES_AGGRESSIVE;
				CLANG_WARN_UNREACHABLE_CODE = YES;
				CLANG_WARN__DUPLICATE_METHOD_MATCH = YES;
				COPY_PHASE_STRIP = NO;
				DEBUG_INFORMATION_FORMAT = "dwarf-with-dsym";
				ENABLE_NS_ASSERTIONS = NO;
				ENABLE_STRICT_OBJC_MSGSEND = YES;
				ENABLE_USER_SCRIPT_SANDBOXING = YES;
				GCC_C_LANGUAGE_STANDARD = gnu17;
				GCC_NO_COMMON_BLOCKS = YES;
				GCC_WARN_64_TO_32_BIT_CONVERSION = YES;
				GCC_WARN_ABOUT_RETURN_TYPE = YES_ERROR;
				GCC_WARN_UNDECLARED_SELECTOR = YES;
				GCC_WARN_UNINITIALIZED_AUTOS = YES_AGGRESSIVE;
				GCC_WARN_UNUSED_FUNCTION = YES;
				GCC_WARN_UNUSED_VARIABLE = YES;
				IPHONEOS_DEPLOYMENT_TARGET = 17.2;
				LOCALIZATION_PREFERS_STRING_CATALOGS = YES;
				MTL_ENABLE_DEBUG_INFO = NO;
				MTL_FAST_MATH = YES;
				SDKROOT = iphoneos;
				SWIFT_COMPILATION_MODE = wholemodule;
				VALIDATE_PRODUCT = YES;
			};
			name = Release;
		};
		7852BD282BEB41D30037BA7E /* Debug */ = {
			isa = XCBuildConfiguration;
			buildSettings = {
				ASSETCATALOG_COMPILER_APPICON_NAME = AppIcon;
				ASSETCATALOG_COMPILER_GLOBAL_ACCENT_COLOR_NAME = AccentColor;
				CODE_SIGN_STYLE = Automatic;
				CURRENT_PROJECT_VERSION = 1;
				DEVELOPMENT_TEAM = D2DRA3F792;
				GENERATE_INFOPLIST_FILE = YES;
				INFOPLIST_FILE = Jumpit/Info.plist;
				INFOPLIST_KEY_UIApplicationSupportsIndirectInputEvents = YES;
				INFOPLIST_KEY_UILaunchStoryboardName = LaunchScreen;
				INFOPLIST_KEY_UISupportedInterfaceOrientations_iPad = "UIInterfaceOrientationPortrait UIInterfaceOrientationPortraitUpsideDown UIInterfaceOrientationLandscapeLeft UIInterfaceOrientationLandscapeRight";
				INFOPLIST_KEY_UISupportedInterfaceOrientations_iPhone = "UIInterfaceOrientationPortrait UIInterfaceOrientationLandscapeLeft UIInterfaceOrientationLandscapeRight";
				LD_RUNPATH_SEARCH_PATHS = (
					"$(inherited)",
					"@executable_path/Frameworks",
				);
				MARKETING_VERSION = 1.0;
				PRODUCT_BUNDLE_IDENTIFIER = yizihoon.Jumpit;
				PRODUCT_NAME = "$(TARGET_NAME)";
				SWIFT_EMIT_LOC_STRINGS = YES;
				SWIFT_VERSION = 5.0;
				TARGETED_DEVICE_FAMILY = "1,2";
			};
			name = Debug;
		};
		7852BD292BEB41D30037BA7E /* Release */ = {
			isa = XCBuildConfiguration;
			buildSettings = {
				ASSETCATALOG_COMPILER_APPICON_NAME = AppIcon;
				ASSETCATALOG_COMPILER_GLOBAL_ACCENT_COLOR_NAME = AccentColor;
				CODE_SIGN_STYLE = Automatic;
				CURRENT_PROJECT_VERSION = 1;
				DEVELOPMENT_TEAM = D2DRA3F792;
				GENERATE_INFOPLIST_FILE = YES;
				INFOPLIST_FILE = Jumpit/Info.plist;
				INFOPLIST_KEY_UIApplicationSupportsIndirectInputEvents = YES;
				INFOPLIST_KEY_UILaunchStoryboardName = LaunchScreen;
				INFOPLIST_KEY_UISupportedInterfaceOrientations_iPad = "UIInterfaceOrientationPortrait UIInterfaceOrientationPortraitUpsideDown UIInterfaceOrientationLandscapeLeft UIInterfaceOrientationLandscapeRight";
				INFOPLIST_KEY_UISupportedInterfaceOrientations_iPhone = "UIInterfaceOrientationPortrait UIInterfaceOrientationLandscapeLeft UIInterfaceOrientationLandscapeRight";
				LD_RUNPATH_SEARCH_PATHS = (
					"$(inherited)",
					"@executable_path/Frameworks",
				);
				MARKETING_VERSION = 1.0;
				PRODUCT_BUNDLE_IDENTIFIER = yizihoon.Jumpit;
				PRODUCT_NAME = "$(TARGET_NAME)";
				SWIFT_EMIT_LOC_STRINGS = YES;
				SWIFT_VERSION = 5.0;
				TARGETED_DEVICE_FAMILY = "1,2";
			};
			name = Release;
		};
/* End XCBuildConfiguration section */

/* Begin XCConfigurationList section */
		7852BD0E2BEB41D20037BA7E /* Build configuration list for PBXProject "Jumpit" */ = {
			isa = XCConfigurationList;
			buildConfigurations = (
				7852BD252BEB41D30037BA7E /* Debug */,
				7852BD262BEB41D30037BA7E /* Release */,
			);
			defaultConfigurationIsVisible = 0;
			defaultConfigurationName = Release;
		};
		7852BD272BEB41D30037BA7E /* Build configuration list for PBXNativeTarget "Jumpit" */ = {
			isa = XCConfigurationList;
			buildConfigurations = (
				7852BD282BEB41D30037BA7E /* Debug */,
				7852BD292BEB41D30037BA7E /* Release */,
			);
			defaultConfigurationIsVisible = 0;
			defaultConfigurationName = Release;
		};
/* End XCConfigurationList section */

/* Begin XCRemoteSwiftPackageReference section */
		DDF572032BEF50CE0014C742 /* XCRemoteSwiftPackageReference "SnapKit" */ = {
			isa = XCRemoteSwiftPackageReference;
			repositoryURL = "https://github.com/SnapKit/SnapKit";
			requirement = {
				kind = upToNextMajorVersion;
				minimumVersion = 5.7.1;
			};
		};
		DDF572062BEF51070014C742 /* XCRemoteSwiftPackageReference "Moya" */ = {
			isa = XCRemoteSwiftPackageReference;
			repositoryURL = "https://github.com/Moya/Moya";
			requirement = {
				kind = upToNextMajorVersion;
				minimumVersion = 15.0.3;
			};
		};
		DDF572092BEF512C0014C742 /* XCRemoteSwiftPackageReference "Kingfisher" */ = {
			isa = XCRemoteSwiftPackageReference;
			repositoryURL = "https://github.com/onevcat/Kingfisher";
			requirement = {
				kind = upToNextMajorVersion;
				minimumVersion = 7.11.0;
			};
		};
		DDF5720C2BEF51710014C742 /* XCRemoteSwiftPackageReference "Then" */ = {
			isa = XCRemoteSwiftPackageReference;
			repositoryURL = "https://github.com/devxoul/Then";
			requirement = {
				kind = upToNextMajorVersion;
				minimumVersion = 3.0.0;
			};
		};
/* End XCRemoteSwiftPackageReference section */

/* Begin XCSwiftPackageProductDependency section */
		DDF572042BEF50CE0014C742 /* SnapKit */ = {
			isa = XCSwiftPackageProductDependency;
			package = DDF572032BEF50CE0014C742 /* XCRemoteSwiftPackageReference "SnapKit" */;
			productName = SnapKit;
		};
		DDF572072BEF51070014C742 /* Moya */ = {
			isa = XCSwiftPackageProductDependency;
			package = DDF572062BEF51070014C742 /* XCRemoteSwiftPackageReference "Moya" */;
			productName = Moya;
		};
		DDF5720A2BEF512C0014C742 /* Kingfisher */ = {
			isa = XCSwiftPackageProductDependency;
			package = DDF572092BEF512C0014C742 /* XCRemoteSwiftPackageReference "Kingfisher" */;
			productName = Kingfisher;
		};
		DDF5720D2BEF51710014C742 /* Then */ = {
			isa = XCSwiftPackageProductDependency;
			package = DDF5720C2BEF51710014C742 /* XCRemoteSwiftPackageReference "Then" */;
			productName = Then;
		};
/* End XCSwiftPackageProductDependency section */
	};
	rootObject = 7852BD0B2BEB41D20037BA7E /* Project object */;
}
