// !$*UTF8*$!
{
	archiveVersion = 1;
	classes = {
	};
	objectVersion = 56;
	objects = {

/* Begin PBXBuildFile section */
		2D7721152BFFE50000FCCB6A /* EmptyResultView.swift in Sources */ = {isa = PBXBuildFile; fileRef = 2D7721142BFFE50000FCCB6A /* EmptyResultView.swift */; };
		2D80A8C02BFFD6AB0058393F /* CustomArrayEncoding.swift in Sources */ = {isa = PBXBuildFile; fileRef = 2D80A8BF2BFFD6AB0058393F /* CustomArrayEncoding.swift */; };
		2D80A8C22BFFD6DC0058393F /* ResumesResponseDTO.swift in Sources */ = {isa = PBXBuildFile; fileRef = 2D80A8C12BFFD6DC0058393F /* ResumesResponseDTO.swift */; };
		2D80A8C42BFFD71A0058393F /* SearchResultResponseDTO.swift in Sources */ = {isa = PBXBuildFile; fileRef = 2D80A8C32BFFD71A0058393F /* SearchResultResponseDTO.swift */; };
		2D80A8C62BFFD7690058393F /* SearchManager.swift in Sources */ = {isa = PBXBuildFile; fileRef = 2D80A8C52BFFD7690058393F /* SearchManager.swift */; };
		2D80A8C82BFFD7BF0058393F /* NetworkProvider.swift in Sources */ = {isa = PBXBuildFile; fileRef = 2D80A8C72BFFD7BF0058393F /* NetworkProvider.swift */; };
		2D80A8CA2BFFD7D90058393F /* NetworkError.swift in Sources */ = {isa = PBXBuildFile; fileRef = 2D80A8C92BFFD7D90058393F /* NetworkError.swift */; };
		2D80A8CC2BFFD7F40058393F /* JumpitBaseAPI.swift in Sources */ = {isa = PBXBuildFile; fileRef = 2D80A8CB2BFFD7F40058393F /* JumpitBaseAPI.swift */; };
		2D80A8CE2BFFD8380058393F /* PositionsAPI.swift in Sources */ = {isa = PBXBuildFile; fileRef = 2D80A8CD2BFFD8380058393F /* PositionsAPI.swift */; };
		2D80A8D02BFFD9300058393F /* ResumesAPI.swift in Sources */ = {isa = PBXBuildFile; fileRef = 2D80A8CF2BFFD9300058393F /* ResumesAPI.swift */; };
		2D80A8D22BFFDA770058393F /* PrivacyInfoManager.swift in Sources */ = {isa = PBXBuildFile; fileRef = 2D80A8D12BFFDA770058393F /* PrivacyInfoManager.swift */; };
		2D80A8D82BFFDFCE0058393F /* PrivacyInfo.plist in Resources */ = {isa = PBXBuildFile; fileRef = 2D80A8D72BFFDFCE0058393F /* PrivacyInfo.plist */; };
		7852BD172BEB41D20037BA7E /* AppDelegate.swift in Sources */ = {isa = PBXBuildFile; fileRef = 7852BD162BEB41D20037BA7E /* AppDelegate.swift */; };
		7852BD192BEB41D20037BA7E /* SceneDelegate.swift in Sources */ = {isa = PBXBuildFile; fileRef = 7852BD182BEB41D20037BA7E /* SceneDelegate.swift */; };
		7852BD232BEB41D30037BA7E /* LaunchScreen.storyboard in Resources */ = {isa = PBXBuildFile; fileRef = 7852BD212BEB41D30037BA7E /* LaunchScreen.storyboard */; };
		DD8B97C12C0029B4001D9DBA /* ResumeAddViewController.swift in Sources */ = {isa = PBXBuildFile; fileRef = DD8B97C02C0029B4001D9DBA /* ResumeAddViewController.swift */; };
		DD8B97C32C002C37001D9DBA /* UIView+.swift in Sources */ = {isa = PBXBuildFile; fileRef = DD8B97C22C002C37001D9DBA /* UIView+.swift */; };
		DD8B97C52C00327E001D9DBA /* ResumeEditViewController.swift in Sources */ = {isa = PBXBuildFile; fileRef = DD8B97C42C00327E001D9DBA /* ResumeEditViewController.swift */; };
		DD8B97C92C00349E001D9DBA /* ResumeCollectionViewCell.swift in Sources */ = {isa = PBXBuildFile; fileRef = DD8B97C82C00349E001D9DBA /* ResumeCollectionViewCell.swift */; };
		DDB170362BFFCB6B00CD9E9C /* ApplyViewController.swift in Sources */ = {isa = PBXBuildFile; fileRef = DDB170172BFFCB6B00CD9E9C /* ApplyViewController.swift */; };
		DDB170372BFFCB6B00CD9E9C /* CategoryModel.swift in Sources */ = {isa = PBXBuildFile; fileRef = DDB170182BFFCB6B00CD9E9C /* CategoryModel.swift */; };
		DDB170382BFFCB6B00CD9E9C /* CustomNavigationBarView.swift in Sources */ = {isa = PBXBuildFile; fileRef = DDB170192BFFCB6B00CD9E9C /* CustomNavigationBarView.swift */; };
		DDB170392BFFCB6B00CD9E9C /* DetailViewController.swift in Sources */ = {isa = PBXBuildFile; fileRef = DDB1701A2BFFCB6B00CD9E9C /* DetailViewController.swift */; };
		DDB1703A2BFFCB6B00CD9E9C /* EmployViewController.swift in Sources */ = {isa = PBXBuildFile; fileRef = DDB1701B2BFFCB6B00CD9E9C /* EmployViewController.swift */; };
		DDB1703B2BFFCB6B00CD9E9C /* HomeSearchButton.swift in Sources */ = {isa = PBXBuildFile; fileRef = DDB1701C2BFFCB6B00CD9E9C /* HomeSearchButton.swift */; };
		DDB1703C2BFFCB6B00CD9E9C /* HomeViewController.swift in Sources */ = {isa = PBXBuildFile; fileRef = DDB1701D2BFFCB6B00CD9E9C /* HomeViewController.swift */; };
		DDB1703D2BFFCB6B00CD9E9C /* ImageModel.swift in Sources */ = {isa = PBXBuildFile; fileRef = DDB1701E2BFFCB6B00CD9E9C /* ImageModel.swift */; };
		DDB1703E2BFFCB6B00CD9E9C /* JobOptionCollectionViewCell.swift in Sources */ = {isa = PBXBuildFile; fileRef = DDB1701F2BFFCB6B00CD9E9C /* JobOptionCollectionViewCell.swift */; };
		DDB1703F2BFFCB6B00CD9E9C /* JobView.swift in Sources */ = {isa = PBXBuildFile; fileRef = DDB170202BFFCB6B00CD9E9C /* JobView.swift */; };
		DDB170402BFFCB6B00CD9E9C /* LeftAlignedCollectionViewFlowLayout.swift in Sources */ = {isa = PBXBuildFile; fileRef = DDB170212BFFCB6B00CD9E9C /* LeftAlignedCollectionViewFlowLayout.swift */; };
		DDB170412BFFCB6B00CD9E9C /* ModalPresentationController.swift in Sources */ = {isa = PBXBuildFile; fileRef = DDB170222BFFCB6B00CD9E9C /* ModalPresentationController.swift */; };
		DDB170422BFFCB6B00CD9E9C /* PassnoteViewController.swift in Sources */ = {isa = PBXBuildFile; fileRef = DDB170232BFFCB6B00CD9E9C /* PassnoteViewController.swift */; };
		DDB170432BFFCB6B00CD9E9C /* RecentSearchModel.swift in Sources */ = {isa = PBXBuildFile; fileRef = DDB170242BFFCB6B00CD9E9C /* RecentSearchModel.swift */; };
		DDB170442BFFCB6B00CD9E9C /* RecentSearchTableViewCell.swift in Sources */ = {isa = PBXBuildFile; fileRef = DDB170252BFFCB6B00CD9E9C /* RecentSearchTableViewCell.swift */; };
		DDB170452BFFCB6B00CD9E9C /* RecentSearchView.swift in Sources */ = {isa = PBXBuildFile; fileRef = DDB170262BFFCB6B00CD9E9C /* RecentSearchView.swift */; };
		DDB170462BFFCB6B00CD9E9C /* RecentSearchViewController.swift in Sources */ = {isa = PBXBuildFile; fileRef = DDB170272BFFCB6B00CD9E9C /* RecentSearchViewController.swift */; };
		DDB170472BFFCB6B00CD9E9C /* ResumeViewController.swift in Sources */ = {isa = PBXBuildFile; fileRef = DDB170282BFFCB6B00CD9E9C /* ResumeViewController.swift */; };
		DDB170482BFFCB6B00CD9E9C /* SearchResultCollectionView.swift in Sources */ = {isa = PBXBuildFile; fileRef = DDB170292BFFCB6B00CD9E9C /* SearchResultCollectionView.swift */; };
		DDB170492BFFCB6B00CD9E9C /* SearchResultCollectionViewCell.swift in Sources */ = {isa = PBXBuildFile; fileRef = DDB1702A2BFFCB6B00CD9E9C /* SearchResultCollectionViewCell.swift */; };
		DDB1704A2BFFCB6B00CD9E9C /* SearchResultHeaderView.swift in Sources */ = {isa = PBXBuildFile; fileRef = DDB1702B2BFFCB6B00CD9E9C /* SearchResultHeaderView.swift */; };
		DDB1704B2BFFCB6B00CD9E9C /* SearchResultModel.swift in Sources */ = {isa = PBXBuildFile; fileRef = DDB1702C2BFFCB6B00CD9E9C /* SearchResultModel.swift */; };
		DDB1704C2BFFCB6B00CD9E9C /* SearchResultViewController.swift in Sources */ = {isa = PBXBuildFile; fileRef = DDB1702D2BFFCB6B00CD9E9C /* SearchResultViewController.swift */; };
		DDB1704D2BFFCB6B00CD9E9C /* SearchResultViewItem.swift in Sources */ = {isa = PBXBuildFile; fileRef = DDB1702E2BFFCB6B00CD9E9C /* SearchResultViewItem.swift */; };
		DDB1704E2BFFCB6B00CD9E9C /* SelectedJobOptionsModel.swift in Sources */ = {isa = PBXBuildFile; fileRef = DDB1702F2BFFCB6B00CD9E9C /* SelectedJobOptionsModel.swift */; };
		DDB1704F2BFFCB6B00CD9E9C /* SortCategoryCollectionViewCell.swift in Sources */ = {isa = PBXBuildFile; fileRef = DDB170302BFFCB6B00CD9E9C /* SortCategoryCollectionViewCell.swift */; };
		DDB170502BFFCB6B00CD9E9C /* SortCategoryView.swift in Sources */ = {isa = PBXBuildFile; fileRef = DDB170312BFFCB6B00CD9E9C /* SortCategoryView.swift */; };
		DDB170512BFFCB6B00CD9E9C /* SortCategoryViewController.swift in Sources */ = {isa = PBXBuildFile; fileRef = DDB170322BFFCB6B00CD9E9C /* SortCategoryViewController.swift */; };
		DDB170522BFFCB6B00CD9E9C /* TabBarController.swift in Sources */ = {isa = PBXBuildFile; fileRef = DDB170332BFFCB6B00CD9E9C /* TabBarController.swift */; };
		DDB170532BFFCB6B00CD9E9C /* ThemeCollectionViewCell.swift in Sources */ = {isa = PBXBuildFile; fileRef = DDB170342BFFCB6B00CD9E9C /* ThemeCollectionViewCell.swift */; };
		DDB170622BFFCB7200CD9E9C /* Pretendard-Black.otf in Resources */ = {isa = PBXBuildFile; fileRef = DDB170542BFFCB7100CD9E9C /* Pretendard-Black.otf */; };
		DDB170632BFFCB7200CD9E9C /* Pretendard-Bold.otf in Resources */ = {isa = PBXBuildFile; fileRef = DDB170552BFFCB7100CD9E9C /* Pretendard-Bold.otf */; };
		DDB170642BFFCB7200CD9E9C /* Pretendard-ExtraBold.otf in Resources */ = {isa = PBXBuildFile; fileRef = DDB170562BFFCB7100CD9E9C /* Pretendard-ExtraBold.otf */; };
		DDB170652BFFCB7200CD9E9C /* Pretendard-ExtraLight.otf in Resources */ = {isa = PBXBuildFile; fileRef = DDB170572BFFCB7100CD9E9C /* Pretendard-ExtraLight.otf */; };
		DDB170662BFFCB7200CD9E9C /* Pretendard-Light.otf in Resources */ = {isa = PBXBuildFile; fileRef = DDB170582BFFCB7100CD9E9C /* Pretendard-Light.otf */; };
		DDB170672BFFCB7200CD9E9C /* Pretendard-Medium.otf in Resources */ = {isa = PBXBuildFile; fileRef = DDB170592BFFCB7100CD9E9C /* Pretendard-Medium.otf */; };
		DDB170682BFFCB7200CD9E9C /* Pretendard-Regular.otf in Resources */ = {isa = PBXBuildFile; fileRef = DDB1705A2BFFCB7100CD9E9C /* Pretendard-Regular.otf */; };
		DDB170692BFFCB7200CD9E9C /* Pretendard-SemiBold.otf in Resources */ = {isa = PBXBuildFile; fileRef = DDB1705B2BFFCB7100CD9E9C /* Pretendard-SemiBold.otf */; };
		DDB1706A2BFFCB7200CD9E9C /* Pretendard-Thin.otf in Resources */ = {isa = PBXBuildFile; fileRef = DDB1705C2BFFCB7100CD9E9C /* Pretendard-Thin.otf */; };
		DDB1706B2BFFCB7200CD9E9C /* Assets.xcassets in Resources */ = {isa = PBXBuildFile; fileRef = DDB1705E2BFFCB7100CD9E9C /* Assets.xcassets */; };
		DDB1706F2BFFCBAB00CD9E9C /* UIFont+.swift in Sources */ = {isa = PBXBuildFile; fileRef = DDB1706E2BFFCBAB00CD9E9C /* UIFont+.swift */; };
		DDF572052BEF50CE0014C742 /* SnapKit in Frameworks */ = {isa = PBXBuildFile; productRef = DDF572042BEF50CE0014C742 /* SnapKit */; };
		DDF572082BEF51070014C742 /* Moya in Frameworks */ = {isa = PBXBuildFile; productRef = DDF572072BEF51070014C742 /* Moya */; };
		DDF5720B2BEF512C0014C742 /* Kingfisher in Frameworks */ = {isa = PBXBuildFile; productRef = DDF5720A2BEF512C0014C742 /* Kingfisher */; };
		DDF5720E2BEF51710014C742 /* Then in Frameworks */ = {isa = PBXBuildFile; productRef = DDF5720D2BEF51710014C742 /* Then */; };
/* End PBXBuildFile section */

/* Begin PBXFileReference section */
		2D7721142BFFE50000FCCB6A /* EmptyResultView.swift */ = {isa = PBXFileReference; lastKnownFileType = sourcecode.swift; path = EmptyResultView.swift; sourceTree = "<group>"; };
		2D80A8BF2BFFD6AB0058393F /* CustomArrayEncoding.swift */ = {isa = PBXFileReference; lastKnownFileType = sourcecode.swift; path = CustomArrayEncoding.swift; sourceTree = "<group>"; };
		2D80A8C12BFFD6DC0058393F /* ResumesResponseDTO.swift */ = {isa = PBXFileReference; lastKnownFileType = sourcecode.swift; path = ResumesResponseDTO.swift; sourceTree = "<group>"; };
		2D80A8C32BFFD71A0058393F /* SearchResultResponseDTO.swift */ = {isa = PBXFileReference; lastKnownFileType = sourcecode.swift; path = SearchResultResponseDTO.swift; sourceTree = "<group>"; };
		2D80A8C52BFFD7690058393F /* SearchManager.swift */ = {isa = PBXFileReference; lastKnownFileType = sourcecode.swift; path = SearchManager.swift; sourceTree = "<group>"; };
		2D80A8C72BFFD7BF0058393F /* NetworkProvider.swift */ = {isa = PBXFileReference; lastKnownFileType = sourcecode.swift; path = NetworkProvider.swift; sourceTree = "<group>"; };
		2D80A8C92BFFD7D90058393F /* NetworkError.swift */ = {isa = PBXFileReference; lastKnownFileType = sourcecode.swift; path = NetworkError.swift; sourceTree = "<group>"; };
		2D80A8CB2BFFD7F40058393F /* JumpitBaseAPI.swift */ = {isa = PBXFileReference; lastKnownFileType = sourcecode.swift; path = JumpitBaseAPI.swift; sourceTree = "<group>"; };
		2D80A8CD2BFFD8380058393F /* PositionsAPI.swift */ = {isa = PBXFileReference; lastKnownFileType = sourcecode.swift; path = PositionsAPI.swift; sourceTree = "<group>"; };
		2D80A8CF2BFFD9300058393F /* ResumesAPI.swift */ = {isa = PBXFileReference; lastKnownFileType = sourcecode.swift; path = ResumesAPI.swift; sourceTree = "<group>"; };
		2D80A8D12BFFDA770058393F /* PrivacyInfoManager.swift */ = {isa = PBXFileReference; lastKnownFileType = sourcecode.swift; path = PrivacyInfoManager.swift; sourceTree = "<group>"; };
		2D80A8D72BFFDFCE0058393F /* PrivacyInfo.plist */ = {isa = PBXFileReference; lastKnownFileType = text.plist.xml; path = PrivacyInfo.plist; sourceTree = "<group>"; };
		7852BD132BEB41D20037BA7E /* Jumpit.app */ = {isa = PBXFileReference; explicitFileType = wrapper.application; includeInIndex = 0; path = Jumpit.app; sourceTree = BUILT_PRODUCTS_DIR; };
		7852BD162BEB41D20037BA7E /* AppDelegate.swift */ = {isa = PBXFileReference; lastKnownFileType = sourcecode.swift; path = AppDelegate.swift; sourceTree = "<group>"; };
		7852BD182BEB41D20037BA7E /* SceneDelegate.swift */ = {isa = PBXFileReference; lastKnownFileType = sourcecode.swift; path = SceneDelegate.swift; sourceTree = "<group>"; };
		7852BD222BEB41D30037BA7E /* Base */ = {isa = PBXFileReference; lastKnownFileType = file.storyboard; name = Base; path = Base.lproj/LaunchScreen.storyboard; sourceTree = "<group>"; };
		DD8B97C02C0029B4001D9DBA /* ResumeAddViewController.swift */ = {isa = PBXFileReference; lastKnownFileType = sourcecode.swift; path = ResumeAddViewController.swift; sourceTree = "<group>"; };
		DD8B97C22C002C37001D9DBA /* UIView+.swift */ = {isa = PBXFileReference; lastKnownFileType = sourcecode.swift; path = "UIView+.swift"; sourceTree = "<group>"; };
		DD8B97C42C00327E001D9DBA /* ResumeEditViewController.swift */ = {isa = PBXFileReference; lastKnownFileType = sourcecode.swift; path = ResumeEditViewController.swift; sourceTree = "<group>"; };
		DD8B97C82C00349E001D9DBA /* ResumeCollectionViewCell.swift */ = {isa = PBXFileReference; lastKnownFileType = sourcecode.swift; path = ResumeCollectionViewCell.swift; sourceTree = "<group>"; };
		DDB170172BFFCB6B00CD9E9C /* ApplyViewController.swift */ = {isa = PBXFileReference; fileEncoding = 4; lastKnownFileType = sourcecode.swift; path = ApplyViewController.swift; sourceTree = "<group>"; };
		DDB170182BFFCB6B00CD9E9C /* CategoryModel.swift */ = {isa = PBXFileReference; fileEncoding = 4; lastKnownFileType = sourcecode.swift; path = CategoryModel.swift; sourceTree = "<group>"; };
		DDB170192BFFCB6B00CD9E9C /* CustomNavigationBarView.swift */ = {isa = PBXFileReference; fileEncoding = 4; lastKnownFileType = sourcecode.swift; path = CustomNavigationBarView.swift; sourceTree = "<group>"; };
		DDB1701A2BFFCB6B00CD9E9C /* DetailViewController.swift */ = {isa = PBXFileReference; fileEncoding = 4; lastKnownFileType = sourcecode.swift; path = DetailViewController.swift; sourceTree = "<group>"; };
		DDB1701B2BFFCB6B00CD9E9C /* EmployViewController.swift */ = {isa = PBXFileReference; fileEncoding = 4; lastKnownFileType = sourcecode.swift; path = EmployViewController.swift; sourceTree = "<group>"; };
		DDB1701C2BFFCB6B00CD9E9C /* HomeSearchButton.swift */ = {isa = PBXFileReference; fileEncoding = 4; lastKnownFileType = sourcecode.swift; path = HomeSearchButton.swift; sourceTree = "<group>"; };
		DDB1701D2BFFCB6B00CD9E9C /* HomeViewController.swift */ = {isa = PBXFileReference; fileEncoding = 4; lastKnownFileType = sourcecode.swift; path = HomeViewController.swift; sourceTree = "<group>"; };
		DDB1701E2BFFCB6B00CD9E9C /* ImageModel.swift */ = {isa = PBXFileReference; fileEncoding = 4; lastKnownFileType = sourcecode.swift; path = ImageModel.swift; sourceTree = "<group>"; };
		DDB1701F2BFFCB6B00CD9E9C /* JobOptionCollectionViewCell.swift */ = {isa = PBXFileReference; fileEncoding = 4; lastKnownFileType = sourcecode.swift; path = JobOptionCollectionViewCell.swift; sourceTree = "<group>"; };
		DDB170202BFFCB6B00CD9E9C /* JobView.swift */ = {isa = PBXFileReference; fileEncoding = 4; lastKnownFileType = sourcecode.swift; path = JobView.swift; sourceTree = "<group>"; };
		DDB170212BFFCB6B00CD9E9C /* LeftAlignedCollectionViewFlowLayout.swift */ = {isa = PBXFileReference; fileEncoding = 4; lastKnownFileType = sourcecode.swift; path = LeftAlignedCollectionViewFlowLayout.swift; sourceTree = "<group>"; };
		DDB170222BFFCB6B00CD9E9C /* ModalPresentationController.swift */ = {isa = PBXFileReference; fileEncoding = 4; lastKnownFileType = sourcecode.swift; path = ModalPresentationController.swift; sourceTree = "<group>"; };
		DDB170232BFFCB6B00CD9E9C /* PassnoteViewController.swift */ = {isa = PBXFileReference; fileEncoding = 4; lastKnownFileType = sourcecode.swift; path = PassnoteViewController.swift; sourceTree = "<group>"; };
		DDB170242BFFCB6B00CD9E9C /* RecentSearchModel.swift */ = {isa = PBXFileReference; fileEncoding = 4; lastKnownFileType = sourcecode.swift; path = RecentSearchModel.swift; sourceTree = "<group>"; };
		DDB170252BFFCB6B00CD9E9C /* RecentSearchTableViewCell.swift */ = {isa = PBXFileReference; fileEncoding = 4; lastKnownFileType = sourcecode.swift; path = RecentSearchTableViewCell.swift; sourceTree = "<group>"; };
		DDB170262BFFCB6B00CD9E9C /* RecentSearchView.swift */ = {isa = PBXFileReference; fileEncoding = 4; lastKnownFileType = sourcecode.swift; path = RecentSearchView.swift; sourceTree = "<group>"; };
		DDB170272BFFCB6B00CD9E9C /* RecentSearchViewController.swift */ = {isa = PBXFileReference; fileEncoding = 4; lastKnownFileType = sourcecode.swift; path = RecentSearchViewController.swift; sourceTree = "<group>"; };
		DDB170282BFFCB6B00CD9E9C /* ResumeViewController.swift */ = {isa = PBXFileReference; fileEncoding = 4; lastKnownFileType = sourcecode.swift; path = ResumeViewController.swift; sourceTree = "<group>"; };
		DDB170292BFFCB6B00CD9E9C /* SearchResultCollectionView.swift */ = {isa = PBXFileReference; fileEncoding = 4; lastKnownFileType = sourcecode.swift; path = SearchResultCollectionView.swift; sourceTree = "<group>"; };
		DDB1702A2BFFCB6B00CD9E9C /* SearchResultCollectionViewCell.swift */ = {isa = PBXFileReference; fileEncoding = 4; lastKnownFileType = sourcecode.swift; path = SearchResultCollectionViewCell.swift; sourceTree = "<group>"; };
		DDB1702B2BFFCB6B00CD9E9C /* SearchResultHeaderView.swift */ = {isa = PBXFileReference; fileEncoding = 4; lastKnownFileType = sourcecode.swift; path = SearchResultHeaderView.swift; sourceTree = "<group>"; };
		DDB1702C2BFFCB6B00CD9E9C /* SearchResultModel.swift */ = {isa = PBXFileReference; fileEncoding = 4; lastKnownFileType = sourcecode.swift; path = SearchResultModel.swift; sourceTree = "<group>"; };
		DDB1702D2BFFCB6B00CD9E9C /* SearchResultViewController.swift */ = {isa = PBXFileReference; fileEncoding = 4; lastKnownFileType = sourcecode.swift; path = SearchResultViewController.swift; sourceTree = "<group>"; };
		DDB1702E2BFFCB6B00CD9E9C /* SearchResultViewItem.swift */ = {isa = PBXFileReference; fileEncoding = 4; lastKnownFileType = sourcecode.swift; path = SearchResultViewItem.swift; sourceTree = "<group>"; };
		DDB1702F2BFFCB6B00CD9E9C /* SelectedJobOptionsModel.swift */ = {isa = PBXFileReference; fileEncoding = 4; lastKnownFileType = sourcecode.swift; path = SelectedJobOptionsModel.swift; sourceTree = "<group>"; };
		DDB170302BFFCB6B00CD9E9C /* SortCategoryCollectionViewCell.swift */ = {isa = PBXFileReference; fileEncoding = 4; lastKnownFileType = sourcecode.swift; path = SortCategoryCollectionViewCell.swift; sourceTree = "<group>"; };
		DDB170312BFFCB6B00CD9E9C /* SortCategoryView.swift */ = {isa = PBXFileReference; fileEncoding = 4; lastKnownFileType = sourcecode.swift; path = SortCategoryView.swift; sourceTree = "<group>"; };
		DDB170322BFFCB6B00CD9E9C /* SortCategoryViewController.swift */ = {isa = PBXFileReference; fileEncoding = 4; lastKnownFileType = sourcecode.swift; path = SortCategoryViewController.swift; sourceTree = "<group>"; };
		DDB170332BFFCB6B00CD9E9C /* TabBarController.swift */ = {isa = PBXFileReference; fileEncoding = 4; lastKnownFileType = sourcecode.swift; path = TabBarController.swift; sourceTree = "<group>"; };
		DDB170342BFFCB6B00CD9E9C /* ThemeCollectionViewCell.swift */ = {isa = PBXFileReference; fileEncoding = 4; lastKnownFileType = sourcecode.swift; path = ThemeCollectionViewCell.swift; sourceTree = "<group>"; };
		DDB170542BFFCB7100CD9E9C /* Pretendard-Black.otf */ = {isa = PBXFileReference; lastKnownFileType = file; path = "Pretendard-Black.otf"; sourceTree = "<group>"; };
		DDB170552BFFCB7100CD9E9C /* Pretendard-Bold.otf */ = {isa = PBXFileReference; lastKnownFileType = file; path = "Pretendard-Bold.otf"; sourceTree = "<group>"; };
		DDB170562BFFCB7100CD9E9C /* Pretendard-ExtraBold.otf */ = {isa = PBXFileReference; lastKnownFileType = file; path = "Pretendard-ExtraBold.otf"; sourceTree = "<group>"; };
		DDB170572BFFCB7100CD9E9C /* Pretendard-ExtraLight.otf */ = {isa = PBXFileReference; lastKnownFileType = file; path = "Pretendard-ExtraLight.otf"; sourceTree = "<group>"; };
		DDB170582BFFCB7100CD9E9C /* Pretendard-Light.otf */ = {isa = PBXFileReference; lastKnownFileType = file; path = "Pretendard-Light.otf"; sourceTree = "<group>"; };
		DDB170592BFFCB7100CD9E9C /* Pretendard-Medium.otf */ = {isa = PBXFileReference; lastKnownFileType = file; path = "Pretendard-Medium.otf"; sourceTree = "<group>"; };
		DDB1705A2BFFCB7100CD9E9C /* Pretendard-Regular.otf */ = {isa = PBXFileReference; lastKnownFileType = file; path = "Pretendard-Regular.otf"; sourceTree = "<group>"; };
		DDB1705B2BFFCB7100CD9E9C /* Pretendard-SemiBold.otf */ = {isa = PBXFileReference; lastKnownFileType = file; path = "Pretendard-SemiBold.otf"; sourceTree = "<group>"; };
		DDB1705C2BFFCB7100CD9E9C /* Pretendard-Thin.otf */ = {isa = PBXFileReference; lastKnownFileType = file; path = "Pretendard-Thin.otf"; sourceTree = "<group>"; };
		DDB1705E2BFFCB7100CD9E9C /* Assets.xcassets */ = {isa = PBXFileReference; lastKnownFileType = folder.assetcatalog; path = Assets.xcassets; sourceTree = "<group>"; };
		DDB1705F2BFFCB7100CD9E9C /* Info.plist */ = {isa = PBXFileReference; fileEncoding = 4; lastKnownFileType = text.plist.xml; path = Info.plist; sourceTree = "<group>"; };
		DDB1706E2BFFCBAB00CD9E9C /* UIFont+.swift */ = {isa = PBXFileReference; fileEncoding = 4; lastKnownFileType = sourcecode.swift; path = "UIFont+.swift"; sourceTree = "<group>"; };
/* End PBXFileReference section */

/* Begin PBXFrameworksBuildPhase section */
		7852BD102BEB41D20037BA7E /* Frameworks */ = {
			isa = PBXFrameworksBuildPhase;
			buildActionMask = 2147483647;
			files = (
				DDF5720B2BEF512C0014C742 /* Kingfisher in Frameworks */,
				DDF572082BEF51070014C742 /* Moya in Frameworks */,
				DDF572052BEF50CE0014C742 /* SnapKit in Frameworks */,
				DDF5720E2BEF51710014C742 /* Then in Frameworks */,
			);
			runOnlyForDeploymentPostprocessing = 0;
		};
/* End PBXFrameworksBuildPhase section */

/* Begin PBXGroup section */
		2D80A8BA2BFFD6540058393F /* Network */ = {
			isa = PBXGroup;
			children = (
				2D80A8BB2BFFD6610058393F /* API */,
				2D80A8BC2BFFD66C0058393F /* Foundation */,
				2D80A8BD2BFFD6730058393F /* Manager */,
				2D80A8BE2BFFD67A0058393F /* Response */,
			);
			path = Network;
			sourceTree = "<group>";
		};
		2D80A8BB2BFFD6610058393F /* API */ = {
			isa = PBXGroup;
			children = (
				2D80A8CD2BFFD8380058393F /* PositionsAPI.swift */,
				2D80A8CF2BFFD9300058393F /* ResumesAPI.swift */,
			);
			path = API;
			sourceTree = "<group>";
		};
		2D80A8BC2BFFD66C0058393F /* Foundation */ = {
			isa = PBXGroup;
			children = (
				2D80A8CB2BFFD7F40058393F /* JumpitBaseAPI.swift */,
				2D80A8C92BFFD7D90058393F /* NetworkError.swift */,
				2D80A8C72BFFD7BF0058393F /* NetworkProvider.swift */,
				2D80A8D12BFFDA770058393F /* PrivacyInfoManager.swift */,
				2D80A8D72BFFDFCE0058393F /* PrivacyInfo.plist */,
			);
			path = Foundation;
			sourceTree = "<group>";
		};
		2D80A8BD2BFFD6730058393F /* Manager */ = {
			isa = PBXGroup;
			children = (
				2D80A8C52BFFD7690058393F /* SearchManager.swift */,
			);
			path = Manager;
			sourceTree = "<group>";
		};
		2D80A8BE2BFFD67A0058393F /* Response */ = {
			isa = PBXGroup;
			children = (
				2D80A8C12BFFD6DC0058393F /* ResumesResponseDTO.swift */,
				2D80A8C32BFFD71A0058393F /* SearchResultResponseDTO.swift */,
			);
			path = Response;
			sourceTree = "<group>";
		};
		7852BD0A2BEB41D20037BA7E = {
			isa = PBXGroup;
			children = (
				7852BD152BEB41D20037BA7E /* Jumpit */,
				7852BD142BEB41D20037BA7E /* Products */,
			);
			sourceTree = "<group>";
		};
		7852BD142BEB41D20037BA7E /* Products */ = {
			isa = PBXGroup;
			children = (
				7852BD132BEB41D20037BA7E /* Jumpit.app */,
			);
			name = Products;
			sourceTree = "<group>";
		};
		7852BD152BEB41D20037BA7E /* Jumpit */ = {
			isa = PBXGroup;
			children = (
				7852BD162BEB41D20037BA7E /* AppDelegate.swift */,
				7852BD182BEB41D20037BA7E /* SceneDelegate.swift */,
				7852BD212BEB41D30037BA7E /* LaunchScreen.storyboard */,
				2D80A8BA2BFFD6540058393F /* Network */,
				DDB170352BFFCB6B00CD9E9C /* Source */,
				DDB170612BFFCB7100CD9E9C /* Resource */,
			);
			path = Jumpit;
			sourceTree = "<group>";
		};
		DD8B97C62C003467001D9DBA /* ViewController */ = {
			isa = PBXGroup;
			children = (
				DDB170282BFFCB6B00CD9E9C /* ResumeViewController.swift */,
				DD8B97C02C0029B4001D9DBA /* ResumeAddViewController.swift */,
				DD8B97C42C00327E001D9DBA /* ResumeEditViewController.swift */,
			);
			path = ViewController;
			sourceTree = "<group>";
		};
		DD8B97C72C003477001D9DBA /* View */ = {
			isa = PBXGroup;
			children = (
				DD8B97C82C00349E001D9DBA /* ResumeCollectionViewCell.swift */,
			);
			path = View;
			sourceTree = "<group>";
		};
		DDB170352BFFCB6B00CD9E9C /* Source */ = {
			isa = PBXGroup;
			children = (
				DDB170712BFFCBF300CD9E9C /* Core */,
				DDB170812BFFCD4000CD9E9C /* Passnote */,
				DDB1707E2BFFCD0400CD9E9C /* Apply */,
				DDB170722BFFCC0D00CD9E9C /* Detail */,
				DDB1707F2BFFCD1000CD9E9C /* Employ */,
				DDB170802BFFCD2A00CD9E9C /* Home */,
				DDB1707C2BFFCC9E00CD9E9C /* SortCategory */,
				DDB170732BFFCC2500CD9E9C /* ResentSearch */,
				DDB170772BFFCC4800CD9E9C /* Resume */,
				DDB170782BFFCC5100CD9E9C /* SearchResult */,
			);
			path = Source;
			sourceTree = "<group>";
		};
		DDB1705D2BFFCB7100CD9E9C /* Font */ = {
			isa = PBXGroup;
			children = (
				DDB170542BFFCB7100CD9E9C /* Pretendard-Black.otf */,
				DDB170552BFFCB7100CD9E9C /* Pretendard-Bold.otf */,
				DDB170562BFFCB7100CD9E9C /* Pretendard-ExtraBold.otf */,
				DDB170572BFFCB7100CD9E9C /* Pretendard-ExtraLight.otf */,
				DDB170582BFFCB7100CD9E9C /* Pretendard-Light.otf */,
				DDB170592BFFCB7100CD9E9C /* Pretendard-Medium.otf */,
				DDB1705A2BFFCB7100CD9E9C /* Pretendard-Regular.otf */,
				DDB1705B2BFFCB7100CD9E9C /* Pretendard-SemiBold.otf */,
				DDB1705C2BFFCB7100CD9E9C /* Pretendard-Thin.otf */,
			);
			path = Font;
			sourceTree = "<group>";
		};
		DDB170612BFFCB7100CD9E9C /* Resource */ = {
			isa = PBXGroup;
			children = (
				DDB170702BFFCBB600CD9E9C /* Extension */,
				DDB1705D2BFFCB7100CD9E9C /* Font */,
				DDB1705E2BFFCB7100CD9E9C /* Assets.xcassets */,
				DDB1705F2BFFCB7100CD9E9C /* Info.plist */,
			);
			path = Resource;
			sourceTree = "<group>";
		};
		DDB170702BFFCBB600CD9E9C /* Extension */ = {
			isa = PBXGroup;
			children = (
				DDB1706E2BFFCBAB00CD9E9C /* UIFont+.swift */,
				DD8B97C22C002C37001D9DBA /* UIView+.swift */,
			);
			path = Extension;
			sourceTree = "<group>";
		};
		DDB170712BFFCBF300CD9E9C /* Core */ = {
			isa = PBXGroup;
			children = (
				DDB170192BFFCB6B00CD9E9C /* CustomNavigationBarView.swift */,
				DDB170212BFFCB6B00CD9E9C /* LeftAlignedCollectionViewFlowLayout.swift */,
				DDB170332BFFCB6B00CD9E9C /* TabBarController.swift */,
				2D80A8BF2BFFD6AB0058393F /* CustomArrayEncoding.swift */,
			);
			path = Core;
			sourceTree = "<group>";
		};
		DDB170722BFFCC0D00CD9E9C /* Detail */ = {
			isa = PBXGroup;
			children = (
				DDB1701A2BFFCB6B00CD9E9C /* DetailViewController.swift */,
			);
			path = Detail;
			sourceTree = "<group>";
		};
		DDB170732BFFCC2500CD9E9C /* ResentSearch */ = {
			isa = PBXGroup;
			children = (
				DDB170742BFFCC3200CD9E9C /* Model */,
				DDB170752BFFCC3900CD9E9C /* View */,
				DDB170762BFFCC3D00CD9E9C /* ViewController */,
			);
			path = ResentSearch;
			sourceTree = "<group>";
		};
		DDB170742BFFCC3200CD9E9C /* Model */ = {
			isa = PBXGroup;
			children = (
				DDB170242BFFCB6B00CD9E9C /* RecentSearchModel.swift */,
			);
			path = Model;
			sourceTree = "<group>";
		};
		DDB170752BFFCC3900CD9E9C /* View */ = {
			isa = PBXGroup;
			children = (
				DDB170252BFFCB6B00CD9E9C /* RecentSearchTableViewCell.swift */,
				DDB170262BFFCB6B00CD9E9C /* RecentSearchView.swift */,
			);
			path = View;
			sourceTree = "<group>";
		};
		DDB170762BFFCC3D00CD9E9C /* ViewController */ = {
			isa = PBXGroup;
			children = (
				DDB170272BFFCB6B00CD9E9C /* RecentSearchViewController.swift */,
			);
			path = ViewController;
			sourceTree = "<group>";
		};
		DDB170772BFFCC4800CD9E9C /* Resume */ = {
			isa = PBXGroup;
			children = (
				DD8B97C72C003477001D9DBA /* View */,
				DD8B97C62C003467001D9DBA /* ViewController */,
			);
			path = Resume;
			sourceTree = "<group>";
		};
		DDB170782BFFCC5100CD9E9C /* SearchResult */ = {
			isa = PBXGroup;
			children = (
				DDB1707A2BFFCC7000CD9E9C /* Model */,
				DDB1707B2BFFCC7800CD9E9C /* View */,
				DDB170792BFFCC6400CD9E9C /* ViewController */,
			);
			path = SearchResult;
			sourceTree = "<group>";
		};
		DDB170792BFFCC6400CD9E9C /* ViewController */ = {
			isa = PBXGroup;
			children = (
				DDB1702D2BFFCB6B00CD9E9C /* SearchResultViewController.swift */,
			);
			path = ViewController;
			sourceTree = "<group>";
		};
		DDB1707A2BFFCC7000CD9E9C /* Model */ = {
			isa = PBXGroup;
			children = (
				DDB1702E2BFFCB6B00CD9E9C /* SearchResultViewItem.swift */,
				DDB170182BFFCB6B00CD9E9C /* CategoryModel.swift */,
				DDB1702C2BFFCB6B00CD9E9C /* SearchResultModel.swift */,
			);
			path = Model;
			sourceTree = "<group>";
		};
		DDB1707B2BFFCC7800CD9E9C /* View */ = {
			isa = PBXGroup;
			children = (
				DDB170302BFFCB6B00CD9E9C /* SortCategoryCollectionViewCell.swift */,
				DDB170292BFFCB6B00CD9E9C /* SearchResultCollectionView.swift */,
				DDB1702A2BFFCB6B00CD9E9C /* SearchResultCollectionViewCell.swift */,
				DDB1702B2BFFCB6B00CD9E9C /* SearchResultHeaderView.swift */,
				2D7721142BFFE50000FCCB6A /* EmptyResultView.swift */,
			);
			path = View;
			sourceTree = "<group>";
		};
		DDB1707C2BFFCC9E00CD9E9C /* SortCategory */ = {
			isa = PBXGroup;
			children = (
				DDB1707D2BFFCCC500CD9E9C /* View */,
				DDB170842BFFCD7500CD9E9C /* Model */,
				DDB170832BFFCD6C00CD9E9C /* ViewController */,
			);
			path = SortCategory;
			sourceTree = "<group>";
		};
		DDB1707D2BFFCCC500CD9E9C /* View */ = {
			isa = PBXGroup;
			children = (
				DDB1701F2BFFCB6B00CD9E9C /* JobOptionCollectionViewCell.swift */,
				DDB170312BFFCB6B00CD9E9C /* SortCategoryView.swift */,
			);
			path = View;
			sourceTree = "<group>";
		};
		DDB1707E2BFFCD0400CD9E9C /* Apply */ = {
			isa = PBXGroup;
			children = (
				DDB170172BFFCB6B00CD9E9C /* ApplyViewController.swift */,
			);
			path = Apply;
			sourceTree = "<group>";
		};
		DDB1707F2BFFCD1000CD9E9C /* Employ */ = {
			isa = PBXGroup;
			children = (
				DDB1701B2BFFCB6B00CD9E9C /* EmployViewController.swift */,
			);
			path = Employ;
			sourceTree = "<group>";
		};
		DDB170802BFFCD2A00CD9E9C /* Home */ = {
			isa = PBXGroup;
			children = (
				DDB1701C2BFFCB6B00CD9E9C /* HomeSearchButton.swift */,
				DDB1701D2BFFCB6B00CD9E9C /* HomeViewController.swift */,
				DDB1701E2BFFCB6B00CD9E9C /* ImageModel.swift */,
				DDB170202BFFCB6B00CD9E9C /* JobView.swift */,
				DDB170342BFFCB6B00CD9E9C /* ThemeCollectionViewCell.swift */,
			);
			path = Home;
			sourceTree = "<group>";
		};
		DDB170812BFFCD4000CD9E9C /* Passnote */ = {
			isa = PBXGroup;
			children = (
				DDB170232BFFCB6B00CD9E9C /* PassnoteViewController.swift */,
			);
			path = Passnote;
			sourceTree = "<group>";
		};
		DDB170832BFFCD6C00CD9E9C /* ViewController */ = {
			isa = PBXGroup;
			children = (
				DDB170222BFFCB6B00CD9E9C /* ModalPresentationController.swift */,
				DDB170322BFFCB6B00CD9E9C /* SortCategoryViewController.swift */,
			);
			path = ViewController;
			sourceTree = "<group>";
		};
		DDB170842BFFCD7500CD9E9C /* Model */ = {
			isa = PBXGroup;
			children = (
				DDB1702F2BFFCB6B00CD9E9C /* SelectedJobOptionsModel.swift */,
			);
			path = Model;
			sourceTree = "<group>";
		};
/* End PBXGroup section */

/* Begin PBXNativeTarget section */
		7852BD122BEB41D20037BA7E /* Jumpit */ = {
			isa = PBXNativeTarget;
			buildConfigurationList = 7852BD272BEB41D30037BA7E /* Build configuration list for PBXNativeTarget "Jumpit" */;
			buildPhases = (
				7852BD0F2BEB41D20037BA7E /* Sources */,
				7852BD102BEB41D20037BA7E /* Frameworks */,
				7852BD112BEB41D20037BA7E /* Resources */,
			);
			buildRules = (
			);
			dependencies = (
			);
			name = Jumpit;
			packageProductDependencies = (
				DDF572042BEF50CE0014C742 /* SnapKit */,
				DDF572072BEF51070014C742 /* Moya */,
				DDF5720A2BEF512C0014C742 /* Kingfisher */,
				DDF5720D2BEF51710014C742 /* Then */,
			);
			productName = Jumpit;
			productReference = 7852BD132BEB41D20037BA7E /* Jumpit.app */;
			productType = "com.apple.product-type.application";
		};
/* End PBXNativeTarget section */

/* Begin PBXProject section */
		7852BD0B2BEB41D20037BA7E /* Project object */ = {
			isa = PBXProject;
			attributes = {
				BuildIndependentTargetsInParallel = 1;
				LastSwiftUpdateCheck = 1510;
				LastUpgradeCheck = 1510;
				TargetAttributes = {
					7852BD122BEB41D20037BA7E = {
						CreatedOnToolsVersion = 15.1;
					};
				};
			};
			buildConfigurationList = 7852BD0E2BEB41D20037BA7E /* Build configuration list for PBXProject "Jumpit" */;
			compatibilityVersion = "Xcode 14.0";
			developmentRegion = en;
			hasScannedForEncodings = 0;
			knownRegions = (
				en,
				Base,
			);
			mainGroup = 7852BD0A2BEB41D20037BA7E;
			packageReferences = (
				DDF572032BEF50CE0014C742 /* XCRemoteSwiftPackageReference "SnapKit" */,
				DDF572062BEF51070014C742 /* XCRemoteSwiftPackageReference "Moya" */,
				DDF572092BEF512C0014C742 /* XCRemoteSwiftPackageReference "Kingfisher" */,
				DDF5720C2BEF51710014C742 /* XCRemoteSwiftPackageReference "Then" */,
			);
			productRefGroup = 7852BD142BEB41D20037BA7E /* Products */;
			projectDirPath = "";
			projectRoot = "";
			targets = (
				7852BD122BEB41D20037BA7E /* Jumpit */,
			);
		};
/* End PBXProject section */

/* Begin PBXResourcesBuildPhase section */
		7852BD112BEB41D20037BA7E /* Resources */ = {
			isa = PBXResourcesBuildPhase;
			buildActionMask = 2147483647;
			files = (
				DDB170672BFFCB7200CD9E9C /* Pretendard-Medium.otf in Resources */,
				2D80A8D82BFFDFCE0058393F /* PrivacyInfo.plist in Resources */,
				DDB1706A2BFFCB7200CD9E9C /* Pretendard-Thin.otf in Resources */,
				DDB1706B2BFFCB7200CD9E9C /* Assets.xcassets in Resources */,
				DDB170622BFFCB7200CD9E9C /* Pretendard-Black.otf in Resources */,
				DDB170632BFFCB7200CD9E9C /* Pretendard-Bold.otf in Resources */,
				DDB170652BFFCB7200CD9E9C /* Pretendard-ExtraLight.otf in Resources */,
				DDB170642BFFCB7200CD9E9C /* Pretendard-ExtraBold.otf in Resources */,
				DDB170682BFFCB7200CD9E9C /* Pretendard-Regular.otf in Resources */,
				DDB170692BFFCB7200CD9E9C /* Pretendard-SemiBold.otf in Resources */,
				7852BD232BEB41D30037BA7E /* LaunchScreen.storyboard in Resources */,
				DDB170662BFFCB7200CD9E9C /* Pretendard-Light.otf in Resources */,
			);
			runOnlyForDeploymentPostprocessing = 0;
		};
/* End PBXResourcesBuildPhase section */

/* Begin PBXSourcesBuildPhase section */
		7852BD0F2BEB41D20037BA7E /* Sources */ = {
			isa = PBXSourcesBuildPhase;
			buildActionMask = 2147483647;
			files = (
				DDB170362BFFCB6B00CD9E9C /* ApplyViewController.swift in Sources */,
				DDB170482BFFCB6B00CD9E9C /* SearchResultCollectionView.swift in Sources */,
				DDB170452BFFCB6B00CD9E9C /* RecentSearchView.swift in Sources */,
				DDB1703D2BFFCB6B00CD9E9C /* ImageModel.swift in Sources */,
				2D80A8CC2BFFD7F40058393F /* JumpitBaseAPI.swift in Sources */,
				DDB170372BFFCB6B00CD9E9C /* CategoryModel.swift in Sources */,
				7852BD172BEB41D20037BA7E /* AppDelegate.swift in Sources */,
				2D80A8D22BFFDA770058393F /* PrivacyInfoManager.swift in Sources */,
				DDB1703A2BFFCB6B00CD9E9C /* EmployViewController.swift in Sources */,
				DDB1704C2BFFCB6B00CD9E9C /* SearchResultViewController.swift in Sources */,
				2D80A8C82BFFD7BF0058393F /* NetworkProvider.swift in Sources */,
				DDB1703B2BFFCB6B00CD9E9C /* HomeSearchButton.swift in Sources */,
				DD8B97C32C002C37001D9DBA /* UIView+.swift in Sources */,
				DDB1704B2BFFCB6B00CD9E9C /* SearchResultModel.swift in Sources */,
				DD8B97C92C00349E001D9DBA /* ResumeCollectionViewCell.swift in Sources */,
				DDB1703F2BFFCB6B00CD9E9C /* JobView.swift in Sources */,
				DDB1703C2BFFCB6B00CD9E9C /* HomeViewController.swift in Sources */,
				DDB170422BFFCB6B00CD9E9C /* PassnoteViewController.swift in Sources */,
				DDB170442BFFCB6B00CD9E9C /* RecentSearchTableViewCell.swift in Sources */,
				DDB1704A2BFFCB6B00CD9E9C /* SearchResultHeaderView.swift in Sources */,
				DDB170522BFFCB6B00CD9E9C /* TabBarController.swift in Sources */,
				DDB170392BFFCB6B00CD9E9C /* DetailViewController.swift in Sources */,
				DDB170462BFFCB6B00CD9E9C /* RecentSearchViewController.swift in Sources */,
				DDB170532BFFCB6B00CD9E9C /* ThemeCollectionViewCell.swift in Sources */,
				2D80A8CE2BFFD8380058393F /* PositionsAPI.swift in Sources */,
				2D80A8C22BFFD6DC0058393F /* ResumesResponseDTO.swift in Sources */,
				DDB170502BFFCB6B00CD9E9C /* SortCategoryView.swift in Sources */,
				DDB170472BFFCB6B00CD9E9C /* ResumeViewController.swift in Sources */,
				2D80A8C02BFFD6AB0058393F /* CustomArrayEncoding.swift in Sources */,
				2D80A8C42BFFD71A0058393F /* SearchResultResponseDTO.swift in Sources */,
				DDB1704D2BFFCB6B00CD9E9C /* SearchResultViewItem.swift in Sources */,
				DDB1706F2BFFCBAB00CD9E9C /* UIFont+.swift in Sources */,
				DDB170512BFFCB6B00CD9E9C /* SortCategoryViewController.swift in Sources */,
				DDB170432BFFCB6B00CD9E9C /* RecentSearchModel.swift in Sources */,
				2D80A8C62BFFD7690058393F /* SearchManager.swift in Sources */,
				DDB1704F2BFFCB6B00CD9E9C /* SortCategoryCollectionViewCell.swift in Sources */,
				DDB1703E2BFFCB6B00CD9E9C /* JobOptionCollectionViewCell.swift in Sources */,
				DDB170382BFFCB6B00CD9E9C /* CustomNavigationBarView.swift in Sources */,
				7852BD192BEB41D20037BA7E /* SceneDelegate.swift in Sources */,
				DD8B97C12C0029B4001D9DBA /* ResumeAddViewController.swift in Sources */,
				DD8B97C52C00327E001D9DBA /* ResumeEditViewController.swift in Sources */,
				DDB170402BFFCB6B00CD9E9C /* LeftAlignedCollectionViewFlowLayout.swift in Sources */,
				DDB170412BFFCB6B00CD9E9C /* ModalPresentationController.swift in Sources */,
				2D80A8CA2BFFD7D90058393F /* NetworkError.swift in Sources */,
				2D80A8D02BFFD9300058393F /* ResumesAPI.swift in Sources */,
				2D7721152BFFE50000FCCB6A /* EmptyResultView.swift in Sources */,
				DDB1704E2BFFCB6B00CD9E9C /* SelectedJobOptionsModel.swift in Sources */,
				DDB170492BFFCB6B00CD9E9C /* SearchResultCollectionViewCell.swift in Sources */,
			);
			runOnlyForDeploymentPostprocessing = 0;
		};
/* End PBXSourcesBuildPhase section */

/* Begin PBXVariantGroup section */
		7852BD212BEB41D30037BA7E /* LaunchScreen.storyboard */ = {
			isa = PBXVariantGroup;
			children = (
				7852BD222BEB41D30037BA7E /* Base */,
			);
			name = LaunchScreen.storyboard;
			sourceTree = "<group>";
		};
/* End PBXVariantGroup section */

/* Begin XCBuildConfiguration section */
		7852BD252BEB41D30037BA7E /* Debug */ = {
			isa = XCBuildConfiguration;
			buildSettings = {
				ALWAYS_SEARCH_USER_PATHS = NO;
				ASSETCATALOG_COMPILER_GENERATE_SWIFT_ASSET_SYMBOL_EXTENSIONS = YES;
				CLANG_ANALYZER_NONNULL = YES;
				CLANG_ANALYZER_NUMBER_OBJECT_CONVERSION = YES_AGGRESSIVE;
				CLANG_CXX_LANGUAGE_STANDARD = "gnu++20";
				CLANG_ENABLE_MODULES = YES;
				CLANG_ENABLE_OBJC_ARC = YES;
				CLANG_ENABLE_OBJC_WEAK = YES;
				CLANG_WARN_BLOCK_CAPTURE_AUTORELEASING = YES;
				CLANG_WARN_BOOL_CONVERSION = YES;
				CLANG_WARN_COMMA = YES;
				CLANG_WARN_CONSTANT_CONVERSION = YES;
				CLANG_WARN_DEPRECATED_OBJC_IMPLEMENTATIONS = YES;
				CLANG_WARN_DIRECT_OBJC_ISA_USAGE = YES_ERROR;
				CLANG_WARN_DOCUMENTATION_COMMENTS = YES;
				CLANG_WARN_EMPTY_BODY = YES;
				CLANG_WARN_ENUM_CONVERSION = YES;
				CLANG_WARN_INFINITE_RECURSION = YES;
				CLANG_WARN_INT_CONVERSION = YES;
				CLANG_WARN_NON_LITERAL_NULL_CONVERSION = YES;
				CLANG_WARN_OBJC_IMPLICIT_RETAIN_SELF = YES;
				CLANG_WARN_OBJC_LITERAL_CONVERSION = YES;
				CLANG_WARN_OBJC_ROOT_CLASS = YES_ERROR;
				CLANG_WARN_QUOTED_INCLUDE_IN_FRAMEWORK_HEADER = YES;
				CLANG_WARN_RANGE_LOOP_ANALYSIS = YES;
				CLANG_WARN_STRICT_PROTOTYPES = YES;
				CLANG_WARN_SUSPICIOUS_MOVE = YES;
				CLANG_WARN_UNGUARDED_AVAILABILITY = YES_AGGRESSIVE;
				CLANG_WARN_UNREACHABLE_CODE = YES;
				CLANG_WARN__DUPLICATE_METHOD_MATCH = YES;
				COPY_PHASE_STRIP = NO;
				DEBUG_INFORMATION_FORMAT = dwarf;
				ENABLE_STRICT_OBJC_MSGSEND = YES;
				ENABLE_TESTABILITY = YES;
				ENABLE_USER_SCRIPT_SANDBOXING = YES;
				GCC_C_LANGUAGE_STANDARD = gnu17;
				GCC_DYNAMIC_NO_PIC = NO;
				GCC_NO_COMMON_BLOCKS = YES;
				GCC_OPTIMIZATION_LEVEL = 0;
				GCC_PREPROCESSOR_DEFINITIONS = (
					"DEBUG=1",
					"$(inherited)",
				);
				GCC_WARN_64_TO_32_BIT_CONVERSION = YES;
				GCC_WARN_ABOUT_RETURN_TYPE = YES_ERROR;
				GCC_WARN_UNDECLARED_SELECTOR = YES;
				GCC_WARN_UNINITIALIZED_AUTOS = YES_AGGRESSIVE;
				GCC_WARN_UNUSED_FUNCTION = YES;
				GCC_WARN_UNUSED_VARIABLE = YES;
				LOCALIZATION_PREFERS_STRING_CATALOGS = YES;
				MTL_ENABLE_DEBUG_INFO = INCLUDE_SOURCE;
				MTL_FAST_MATH = YES;
				ONLY_ACTIVE_ARCH = YES;
				SDKROOT = iphoneos;
				SWIFT_ACTIVE_COMPILATION_CONDITIONS = "DEBUG $(inherited)";
				SWIFT_OPTIMIZATION_LEVEL = "-Onone";
			};
			name = Debug;
		};
		7852BD262BEB41D30037BA7E /* Release */ = {
			isa = XCBuildConfiguration;
			buildSettings = {
				ALWAYS_SEARCH_USER_PATHS = NO;
				ASSETCATALOG_COMPILER_GENERATE_SWIFT_ASSET_SYMBOL_EXTENSIONS = YES;
				CLANG_ANALYZER_NONNULL = YES;
				CLANG_ANALYZER_NUMBER_OBJECT_CONVERSION = YES_AGGRESSIVE;
				CLANG_CXX_LANGUAGE_STANDARD = "gnu++20";
				CLANG_ENABLE_MODULES = YES;
				CLANG_ENABLE_OBJC_ARC = YES;
				CLANG_ENABLE_OBJC_WEAK = YES;
				CLANG_WARN_BLOCK_CAPTURE_AUTORELEASING = YES;
				CLANG_WARN_BOOL_CONVERSION = YES;
				CLANG_WARN_COMMA = YES;
				CLANG_WARN_CONSTANT_CONVERSION = YES;
				CLANG_WARN_DEPRECATED_OBJC_IMPLEMENTATIONS = YES;
				CLANG_WARN_DIRECT_OBJC_ISA_USAGE = YES_ERROR;
				CLANG_WARN_DOCUMENTATION_COMMENTS = YES;
				CLANG_WARN_EMPTY_BODY = YES;
				CLANG_WARN_ENUM_CONVERSION = YES;
				CLANG_WARN_INFINITE_RECURSION = YES;
				CLANG_WARN_INT_CONVERSION = YES;
				CLANG_WARN_NON_LITERAL_NULL_CONVERSION = YES;
				CLANG_WARN_OBJC_IMPLICIT_RETAIN_SELF = YES;
				CLANG_WARN_OBJC_LITERAL_CONVERSION = YES;
				CLANG_WARN_OBJC_ROOT_CLASS = YES_ERROR;
				CLANG_WARN_QUOTED_INCLUDE_IN_FRAMEWORK_HEADER = YES;
				CLANG_WARN_RANGE_LOOP_ANALYSIS = YES;
				CLANG_WARN_STRICT_PROTOTYPES = YES;
				CLANG_WARN_SUSPICIOUS_MOVE = YES;
				CLANG_WARN_UNGUARDED_AVAILABILITY = YES_AGGRESSIVE;
				CLANG_WARN_UNREACHABLE_CODE = YES;
				CLANG_WARN__DUPLICATE_METHOD_MATCH = YES;
				COPY_PHASE_STRIP = NO;
				DEBUG_INFORMATION_FORMAT = "dwarf-with-dsym";
				ENABLE_NS_ASSERTIONS = NO;
				ENABLE_STRICT_OBJC_MSGSEND = YES;
				ENABLE_USER_SCRIPT_SANDBOXING = YES;
				GCC_C_LANGUAGE_STANDARD = gnu17;
				GCC_NO_COMMON_BLOCKS = YES;
				GCC_WARN_64_TO_32_BIT_CONVERSION = YES;
				GCC_WARN_ABOUT_RETURN_TYPE = YES_ERROR;
				GCC_WARN_UNDECLARED_SELECTOR = YES;
				GCC_WARN_UNINITIALIZED_AUTOS = YES_AGGRESSIVE;
				GCC_WARN_UNUSED_FUNCTION = YES;
				GCC_WARN_UNUSED_VARIABLE = YES;
				LOCALIZATION_PREFERS_STRING_CATALOGS = YES;
				MTL_ENABLE_DEBUG_INFO = NO;
				MTL_FAST_MATH = YES;
				SDKROOT = iphoneos;
				SWIFT_COMPILATION_MODE = wholemodule;
				VALIDATE_PRODUCT = YES;
			};
			name = Release;
		};
		7852BD282BEB41D30037BA7E /* Debug */ = {
			isa = XCBuildConfiguration;
			buildSettings = {
				ASSETCATALOG_COMPILER_APPICON_NAME = AppIcon;
				ASSETCATALOG_COMPILER_GLOBAL_ACCENT_COLOR_NAME = AccentColor;
				CODE_SIGN_STYLE = Automatic;
				CURRENT_PROJECT_VERSION = 1;
				DEVELOPMENT_TEAM = D2DRA3F792;
				GENERATE_INFOPLIST_FILE = YES;
				INFOPLIST_FILE = Jumpit/Resource/Info.plist;
				INFOPLIST_KEY_UIApplicationSupportsIndirectInputEvents = YES;
				INFOPLIST_KEY_UILaunchStoryboardName = LaunchScreen;
				INFOPLIST_KEY_UISupportedInterfaceOrientations_iPad = "UIInterfaceOrientationPortrait UIInterfaceOrientationPortraitUpsideDown UIInterfaceOrientationLandscapeLeft UIInterfaceOrientationLandscapeRight";
				INFOPLIST_KEY_UISupportedInterfaceOrientations_iPhone = "UIInterfaceOrientationPortrait UIInterfaceOrientationLandscapeLeft UIInterfaceOrientationLandscapeRight";
				LD_RUNPATH_SEARCH_PATHS = (
					"$(inherited)",
					"@executable_path/Frameworks",
				);
				MARKETING_VERSION = 1.0;
				PRODUCT_BUNDLE_IDENTIFIER = yizihoon.Jumpit;
				PRODUCT_NAME = "$(TARGET_NAME)";
				SWIFT_EMIT_LOC_STRINGS = YES;
				SWIFT_VERSION = 5.0;
				TARGETED_DEVICE_FAMILY = "1,2";
			};
			name = Debug;
		};
		7852BD292BEB41D30037BA7E /* Release */ = {
			isa = XCBuildConfiguration;
			buildSettings = {
				ASSETCATALOG_COMPILER_APPICON_NAME = AppIcon;
				ASSETCATALOG_COMPILER_GLOBAL_ACCENT_COLOR_NAME = AccentColor;
				CODE_SIGN_STYLE = Automatic;
				CURRENT_PROJECT_VERSION = 1;
				DEVELOPMENT_TEAM = D2DRA3F792;
				GENERATE_INFOPLIST_FILE = YES;
				INFOPLIST_FILE = Jumpit/Resource/Info.plist;
				INFOPLIST_KEY_UIApplicationSupportsIndirectInputEvents = YES;
				INFOPLIST_KEY_UILaunchStoryboardName = LaunchScreen;
				INFOPLIST_KEY_UISupportedInterfaceOrientations_iPad = "UIInterfaceOrientationPortrait UIInterfaceOrientationPortraitUpsideDown UIInterfaceOrientationLandscapeLeft UIInterfaceOrientationLandscapeRight";
				INFOPLIST_KEY_UISupportedInterfaceOrientations_iPhone = "UIInterfaceOrientationPortrait UIInterfaceOrientationLandscapeLeft UIInterfaceOrientationLandscapeRight";
				LD_RUNPATH_SEARCH_PATHS = (
					"$(inherited)",
					"@executable_path/Frameworks",
				);
				MARKETING_VERSION = 1.0;
				PRODUCT_BUNDLE_IDENTIFIER = yizihoon.Jumpit;
				PRODUCT_NAME = "$(TARGET_NAME)";
				SWIFT_EMIT_LOC_STRINGS = YES;
				SWIFT_VERSION = 5.0;
				TARGETED_DEVICE_FAMILY = "1,2";
			};
			name = Release;
		};
/* End XCBuildConfiguration section */

/* Begin XCConfigurationList section */
		7852BD0E2BEB41D20037BA7E /* Build configuration list for PBXProject "Jumpit" */ = {
			isa = XCConfigurationList;
			buildConfigurations = (
				7852BD252BEB41D30037BA7E /* Debug */,
				7852BD262BEB41D30037BA7E /* Release */,
			);
			defaultConfigurationIsVisible = 0;
			defaultConfigurationName = Release;
		};
		7852BD272BEB41D30037BA7E /* Build configuration list for PBXNativeTarget "Jumpit" */ = {
			isa = XCConfigurationList;
			buildConfigurations = (
				7852BD282BEB41D30037BA7E /* Debug */,
				7852BD292BEB41D30037BA7E /* Release */,
			);
			defaultConfigurationIsVisible = 0;
			defaultConfigurationName = Release;
		};
/* End XCConfigurationList section */

/* Begin XCRemoteSwiftPackageReference section */
		DDF572032BEF50CE0014C742 /* XCRemoteSwiftPackageReference "SnapKit" */ = {
			isa = XCRemoteSwiftPackageReference;
			repositoryURL = "https://github.com/SnapKit/SnapKit";
			requirement = {
				kind = upToNextMajorVersion;
				minimumVersion = 5.7.1;
			};
		};
		DDF572062BEF51070014C742 /* XCRemoteSwiftPackageReference "Moya" */ = {
			isa = XCRemoteSwiftPackageReference;
			repositoryURL = "https://github.com/Moya/Moya";
			requirement = {
				kind = upToNextMajorVersion;
				minimumVersion = 15.0.3;
			};
		};
		DDF572092BEF512C0014C742 /* XCRemoteSwiftPackageReference "Kingfisher" */ = {
			isa = XCRemoteSwiftPackageReference;
			repositoryURL = "https://github.com/onevcat/Kingfisher";
			requirement = {
				kind = upToNextMajorVersion;
				minimumVersion = 7.11.0;
			};
		};
		DDF5720C2BEF51710014C742 /* XCRemoteSwiftPackageReference "Then" */ = {
			isa = XCRemoteSwiftPackageReference;
			repositoryURL = "https://github.com/devxoul/Then";
			requirement = {
				kind = upToNextMajorVersion;
				minimumVersion = 3.0.0;
			};
		};
/* End XCRemoteSwiftPackageReference section */

/* Begin XCSwiftPackageProductDependency section */
		DDF572042BEF50CE0014C742 /* SnapKit */ = {
			isa = XCSwiftPackageProductDependency;
			package = DDF572032BEF50CE0014C742 /* XCRemoteSwiftPackageReference "SnapKit" */;
			productName = SnapKit;
		};
		DDF572072BEF51070014C742 /* Moya */ = {
			isa = XCSwiftPackageProductDependency;
			package = DDF572062BEF51070014C742 /* XCRemoteSwiftPackageReference "Moya" */;
			productName = Moya;
		};
		DDF5720A2BEF512C0014C742 /* Kingfisher */ = {
			isa = XCSwiftPackageProductDependency;
			package = DDF572092BEF512C0014C742 /* XCRemoteSwiftPackageReference "Kingfisher" */;
			productName = Kingfisher;
		};
		DDF5720D2BEF51710014C742 /* Then */ = {
			isa = XCSwiftPackageProductDependency;
			package = DDF5720C2BEF51710014C742 /* XCRemoteSwiftPackageReference "Then" */;
			productName = Then;
		};
/* End XCSwiftPackageProductDependency section */
	};
	rootObject = 7852BD0B2BEB41D20037BA7E /* Project object */;
}
